// !$*UTF8*$!
{
	archiveVersion = 1;
	classes = {
	};
	objectVersion = 56;
	objects = {

/* Begin PBXBuildFile section */
		DE2B141F2B2FCDAB00566C6D /* UITestingDemoApp.swift in Sources */ = {isa = PBXBuildFile; fileRef = DE2B141E2B2FCDAB00566C6D /* UITestingDemoApp.swift */; };
		DE2B14212B2FCDAB00566C6D /* ContentView.swift in Sources */ = {isa = PBXBuildFile; fileRef = DE2B14202B2FCDAB00566C6D /* ContentView.swift */; };
		DE2B14232B2FCDAD00566C6D /* Assets.xcassets in Resources */ = {isa = PBXBuildFile; fileRef = DE2B14222B2FCDAD00566C6D /* Assets.xcassets */; };
		DE2B14262B2FCDAD00566C6D /* Preview Assets.xcassets in Resources */ = {isa = PBXBuildFile; fileRef = DE2B14252B2FCDAD00566C6D /* Preview Assets.xcassets */; };
		DE2B14302B2FCDAD00566C6D /* UITestingDemoTests.swift in Sources */ = {isa = PBXBuildFile; fileRef = DE2B142F2B2FCDAD00566C6D /* UITestingDemoTests.swift */; };
		DE2B143A2B2FCDAE00566C6D /* UITestingDemoUITests.swift in Sources */ = {isa = PBXBuildFile; fileRef = DE2B14392B2FCDAE00566C6D /* UITestingDemoUITests.swift */; };
		DE2B143C2B2FCDAE00566C6D /* UITestingDemoUITestsLaunchTests.swift in Sources */ = {isa = PBXBuildFile; fileRef = DE2B143B2B2FCDAE00566C6D /* UITestingDemoUITestsLaunchTests.swift */; };
		DE2B14492B2FE24D00566C6D /* User.swift in Sources */ = {isa = PBXBuildFile; fileRef = DE2B14482B2FE24D00566C6D /* User.swift */; };
		DE2B144B2B2FE66700566C6D /* LoginView.swift in Sources */ = {isa = PBXBuildFile; fileRef = DE2B144A2B2FE66700566C6D /* LoginView.swift */; };
/* End PBXBuildFile section */

/* Begin PBXContainerItemProxy section */
		DE2B142C2B2FCDAD00566C6D /* PBXContainerItemProxy */ = {
			isa = PBXContainerItemProxy;
			containerPortal = DE2B14132B2FCDAB00566C6D /* Project object */;
			proxyType = 1;
			remoteGlobalIDString = DE2B141A2B2FCDAB00566C6D;
			remoteInfo = UITestingDemo;
		};
		DE2B14362B2FCDAE00566C6D /* PBXContainerItemProxy */ = {
			isa = PBXContainerItemProxy;
			containerPortal = DE2B14132B2FCDAB00566C6D /* Project object */;
			proxyType = 1;
			remoteGlobalIDString = DE2B141A2B2FCDAB00566C6D;
			remoteInfo = UITestingDemo;
		};
/* End PBXContainerItemProxy section */

/* Begin PBXFileReference section */
		DE2B141B2B2FCDAB00566C6D /* UITestingDemo.app */ = {isa = PBXFileReference; explicitFileType = wrapper.application; includeInIndex = 0; path = UITestingDemo.app; sourceTree = BUILT_PRODUCTS_DIR; };
		DE2B141E2B2FCDAB00566C6D /* UITestingDemoApp.swift */ = {isa = PBXFileReference; lastKnownFileType = sourcecode.swift; path = UITestingDemoApp.swift; sourceTree = "<group>"; };
		DE2B14202B2FCDAB00566C6D /* ContentView.swift */ = {isa = PBXFileReference; lastKnownFileType = sourcecode.swift; path = ContentView.swift; sourceTree = "<group>"; };
		DE2B14222B2FCDAD00566C6D /* Assets.xcassets */ = {isa = PBXFileReference; lastKnownFileType = folder.assetcatalog; path = Assets.xcassets; sourceTree = "<group>"; };
		DE2B14252B2FCDAD00566C6D /* Preview Assets.xcassets */ = {isa = PBXFileReference; lastKnownFileType = folder.assetcatalog; path = "Preview Assets.xcassets"; sourceTree = "<group>"; };
		DE2B142B2B2FCDAD00566C6D /* UITestingDemoTests.xctest */ = {isa = PBXFileReference; explicitFileType = wrapper.cfbundle; includeInIndex = 0; path = UITestingDemoTests.xctest; sourceTree = BUILT_PRODUCTS_DIR; };
		DE2B142F2B2FCDAD00566C6D /* UITestingDemoTests.swift */ = {isa = PBXFileReference; lastKnownFileType = sourcecode.swift; path = UITestingDemoTests.swift; sourceTree = "<group>"; };
		DE2B14352B2FCDAE00566C6D /* UITestingDemoUITests.xctest */ = {isa = PBXFileReference; explicitFileType = wrapper.cfbundle; includeInIndex = 0; path = UITestingDemoUITests.xctest; sourceTree = BUILT_PRODUCTS_DIR; };
		DE2B14392B2FCDAE00566C6D /* UITestingDemoUITests.swift */ = {isa = PBXFileReference; lastKnownFileType = sourcecode.swift; path = UITestingDemoUITests.swift; sourceTree = "<group>"; };
		DE2B143B2B2FCDAE00566C6D /* UITestingDemoUITestsLaunchTests.swift */ = {isa = PBXFileReference; lastKnownFileType = sourcecode.swift; path = UITestingDemoUITestsLaunchTests.swift; sourceTree = "<group>"; };
		DE2B14482B2FE24D00566C6D /* User.swift */ = {isa = PBXFileReference; lastKnownFileType = sourcecode.swift; path = User.swift; sourceTree = "<group>"; };
		DE2B144A2B2FE66700566C6D /* LoginView.swift */ = {isa = PBXFileReference; lastKnownFileType = sourcecode.swift; path = LoginView.swift; sourceTree = "<group>"; };
/* End PBXFileReference section */

/* Begin PBXFrameworksBuildPhase section */
		DE2B14182B2FCDAB00566C6D /* Frameworks */ = {
			isa = PBXFrameworksBuildPhase;
			buildActionMask = 2147483647;
			files = (
			);
			runOnlyForDeploymentPostprocessing = 0;
		};
		DE2B14282B2FCDAD00566C6D /* Frameworks */ = {
			isa = PBXFrameworksBuildPhase;
			buildActionMask = 2147483647;
			files = (
			);
			runOnlyForDeploymentPostprocessing = 0;
		};
		DE2B14322B2FCDAE00566C6D /* Frameworks */ = {
			isa = PBXFrameworksBuildPhase;
			buildActionMask = 2147483647;
			files = (
			);
			runOnlyForDeploymentPostprocessing = 0;
		};
/* End PBXFrameworksBuildPhase section */

/* Begin PBXGroup section */
		DE2B14122B2FCDAB00566C6D = {
			isa = PBXGroup;
			children = (
				DE2B141D2B2FCDAB00566C6D /* UITestingDemo */,
				DE2B142E2B2FCDAD00566C6D /* UITestingDemoTests */,
				DE2B14382B2FCDAE00566C6D /* UITestingDemoUITests */,
				DE2B141C2B2FCDAB00566C6D /* Products */,
			);
			sourceTree = "<group>";
		};
		DE2B141C2B2FCDAB00566C6D /* Products */ = {
			isa = PBXGroup;
			children = (
				DE2B141B2B2FCDAB00566C6D /* UITestingDemo.app */,
				DE2B142B2B2FCDAD00566C6D /* UITestingDemoTests.xctest */,
				DE2B14352B2FCDAE00566C6D /* UITestingDemoUITests.xctest */,
			);
			name = Products;
			sourceTree = "<group>";
		};
		DE2B141D2B2FCDAB00566C6D /* UITestingDemo */ = {
			isa = PBXGroup;
			children = (
				DE2B14482B2FE24D00566C6D /* User.swift */,
				DE2B141E2B2FCDAB00566C6D /* UITestingDemoApp.swift */,
				DE2B14202B2FCDAB00566C6D /* ContentView.swift */,
				DE2B144A2B2FE66700566C6D /* LoginView.swift */,
				DE2B14222B2FCDAD00566C6D /* Assets.xcassets */,
				DE2B14242B2FCDAD00566C6D /* Preview Content */,
			);
			path = UITestingDemo;
			sourceTree = "<group>";
		};
		DE2B14242B2FCDAD00566C6D /* Preview Content */ = {
			isa = PBXGroup;
			children = (
				DE2B14252B2FCDAD00566C6D /* Preview Assets.xcassets */,
			);
			path = "Preview Content";
			sourceTree = "<group>";
		};
		DE2B142E2B2FCDAD00566C6D /* UITestingDemoTests */ = {
			isa = PBXGroup;
			children = (
				DE2B142F2B2FCDAD00566C6D /* UITestingDemoTests.swift */,
			);
			path = UITestingDemoTests;
			sourceTree = "<group>";
		};
		DE2B14382B2FCDAE00566C6D /* UITestingDemoUITests */ = {
			isa = PBXGroup;
			children = (
				DE2B14392B2FCDAE00566C6D /* UITestingDemoUITests.swift */,
				DE2B143B2B2FCDAE00566C6D /* UITestingDemoUITestsLaunchTests.swift */,
			);
			path = UITestingDemoUITests;
			sourceTree = "<group>";
		};
/* End PBXGroup section */

/* Begin PBXNativeTarget section */
		DE2B141A2B2FCDAB00566C6D /* UITestingDemo */ = {
			isa = PBXNativeTarget;
			buildConfigurationList = DE2B143F2B2FCDAE00566C6D /* Build configuration list for PBXNativeTarget "UITestingDemo" */;
			buildPhases = (
				DE2B14172B2FCDAB00566C6D /* Sources */,
				DE2B14182B2FCDAB00566C6D /* Frameworks */,
				DE2B14192B2FCDAB00566C6D /* Resources */,
			);
			buildRules = (
			);
			dependencies = (
			);
			name = UITestingDemo;
			productName = UITestingDemo;
			productReference = DE2B141B2B2FCDAB00566C6D /* UITestingDemo.app */;
			productType = "com.apple.product-type.application";
		};
		DE2B142A2B2FCDAD00566C6D /* UITestingDemoTests */ = {
			isa = PBXNativeTarget;
			buildConfigurationList = DE2B14422B2FCDAE00566C6D /* Build configuration list for PBXNativeTarget "UITestingDemoTests" */;
			buildPhases = (
				DE2B14272B2FCDAD00566C6D /* Sources */,
				DE2B14282B2FCDAD00566C6D /* Frameworks */,
				DE2B14292B2FCDAD00566C6D /* Resources */,
			);
			buildRules = (
			);
			dependencies = (
				DE2B142D2B2FCDAD00566C6D /* PBXTargetDependency */,
			);
			name = UITestingDemoTests;
			productName = UITestingDemoTests;
			productReference = DE2B142B2B2FCDAD00566C6D /* UITestingDemoTests.xctest */;
			productType = "com.apple.product-type.bundle.unit-test";
		};
		DE2B14342B2FCDAE00566C6D /* UITestingDemoUITests */ = {
			isa = PBXNativeTarget;
			buildConfigurationList = DE2B14452B2FCDAE00566C6D /* Build configuration list for PBXNativeTarget "UITestingDemoUITests" */;
			buildPhases = (
				DE2B14312B2FCDAE00566C6D /* Sources */,
				DE2B14322B2FCDAE00566C6D /* Frameworks */,
				DE2B14332B2FCDAE00566C6D /* Resources */,
			);
			buildRules = (
			);
			dependencies = (
				DE2B14372B2FCDAE00566C6D /* PBXTargetDependency */,
			);
			name = UITestingDemoUITests;
			productName = UITestingDemoUITests;
			productReference = DE2B14352B2FCDAE00566C6D /* UITestingDemoUITests.xctest */;
			productType = "com.apple.product-type.bundle.ui-testing";
		};
/* End PBXNativeTarget section */

/* Begin PBXProject section */
		DE2B14132B2FCDAB00566C6D /* Project object */ = {
			isa = PBXProject;
			attributes = {
				BuildIndependentTargetsInParallel = 1;
				LastSwiftUpdateCheck = 1510;
				LastUpgradeCheck = 1510;
				TargetAttributes = {
					DE2B141A2B2FCDAB00566C6D = {
						CreatedOnToolsVersion = 15.1;
					};
					DE2B142A2B2FCDAD00566C6D = {
						CreatedOnToolsVersion = 15.1;
						TestTargetID = DE2B141A2B2FCDAB00566C6D;
					};
					DE2B14342B2FCDAE00566C6D = {
						CreatedOnToolsVersion = 15.1;
						TestTargetID = DE2B141A2B2FCDAB00566C6D;
					};
				};
			};
			buildConfigurationList = DE2B14162B2FCDAB00566C6D /* Build configuration list for PBXProject "UITestingDemo" */;
			compatibilityVersion = "Xcode 14.0";
			developmentRegion = en;
			hasScannedForEncodings = 0;
			knownRegions = (
				en,
				Base,
			);
			mainGroup = DE2B14122B2FCDAB00566C6D;
			productRefGroup = DE2B141C2B2FCDAB00566C6D /* Products */;
			projectDirPath = "";
			projectRoot = "";
			targets = (
				DE2B141A2B2FCDAB00566C6D /* UITestingDemo */,
				DE2B142A2B2FCDAD00566C6D /* UITestingDemoTests */,
				DE2B14342B2FCDAE00566C6D /* UITestingDemoUITests */,
			);
		};
/* End PBXProject section */

/* Begin PBXResourcesBuildPhase section */
		DE2B14192B2FCDAB00566C6D /* Resources */ = {
			isa = PBXResourcesBuildPhase;
			buildActionMask = 2147483647;
			files = (
				DE2B14262B2FCDAD00566C6D /* Preview Assets.xcassets in Resources */,
				DE2B14232B2FCDAD00566C6D /* Assets.xcassets in Resources */,
			);
			runOnlyForDeploymentPostprocessing = 0;
		};
		DE2B14292B2FCDAD00566C6D /* Resources */ = {
			isa = PBXResourcesBuildPhase;
			buildActionMask = 2147483647;
			files = (
			);
			runOnlyForDeploymentPostprocessing = 0;
		};
		DE2B14332B2FCDAE00566C6D /* Resources */ = {
			isa = PBXResourcesBuildPhase;
			buildActionMask = 2147483647;
			files = (
			);
			runOnlyForDeploymentPostprocessing = 0;
		};
/* End PBXResourcesBuildPhase section */

/* Begin PBXSourcesBuildPhase section */
		DE2B14172B2FCDAB00566C6D /* Sources */ = {
			isa = PBXSourcesBuildPhase;
			buildActionMask = 2147483647;
			files = (
				DE2B14212B2FCDAB00566C6D /* ContentView.swift in Sources */,
				DE2B141F2B2FCDAB00566C6D /* UITestingDemoApp.swift in Sources */,
				DE2B144B2B2FE66700566C6D /* LoginView.swift in Sources */,
				DE2B14492B2FE24D00566C6D /* User.swift in Sources */,
			);
			runOnlyForDeploymentPostprocessing = 0;
		};
		DE2B14272B2FCDAD00566C6D /* Sources */ = {
			isa = PBXSourcesBuildPhase;
			buildActionMask = 2147483647;
			files = (
				DE2B14302B2FCDAD00566C6D /* UITestingDemoTests.swift in Sources */,
			);
			runOnlyForDeploymentPostprocessing = 0;
		};
		DE2B14312B2FCDAE00566C6D /* Sources */ = {
			isa = PBXSourcesBuildPhase;
			buildActionMask = 2147483647;
			files = (
				DE2B143C2B2FCDAE00566C6D /* UITestingDemoUITestsLaunchTests.swift in Sources */,
				DE2B143A2B2FCDAE00566C6D /* UITestingDemoUITests.swift in Sources */,
			);
			runOnlyForDeploymentPostprocessing = 0;
		};
/* End PBXSourcesBuildPhase section */

/* Begin PBXTargetDependency section */
		DE2B142D2B2FCDAD00566C6D /* PBXTargetDependency */ = {
			isa = PBXTargetDependency;
			target = DE2B141A2B2FCDAB00566C6D /* UITestingDemo */;
			targetProxy = DE2B142C2B2FCDAD00566C6D /* PBXContainerItemProxy */;
		};
		DE2B14372B2FCDAE00566C6D /* PBXTargetDependency */ = {
			isa = PBXTargetDependency;
			target = DE2B141A2B2FCDAB00566C6D /* UITestingDemo */;
			targetProxy = DE2B14362B2FCDAE00566C6D /* PBXContainerItemProxy */;
		};
/* End PBXTargetDependency section */

/* Begin XCBuildConfiguration section */
		DE2B143D2B2FCDAE00566C6D /* Debug */ = {
			isa = XCBuildConfiguration;
			buildSettings = {
				ALWAYS_SEARCH_USER_PATHS = NO;
				ASSETCATALOG_COMPILER_GENERATE_SWIFT_ASSET_SYMBOL_EXTENSIONS = YES;
				CLANG_ANALYZER_NONNULL = YES;
				CLANG_ANALYZER_NUMBER_OBJECT_CONVERSION = YES_AGGRESSIVE;
				CLANG_CXX_LANGUAGE_STANDARD = "gnu++20";
				CLANG_ENABLE_MODULES = YES;
				CLANG_ENABLE_OBJC_ARC = YES;
				CLANG_ENABLE_OBJC_WEAK = YES;
				CLANG_WARN_BLOCK_CAPTURE_AUTORELEASING = YES;
				CLANG_WARN_BOOL_CONVERSION = YES;
				CLANG_WARN_COMMA = YES;
				CLANG_WARN_CONSTANT_CONVERSION = YES;
				CLANG_WARN_DEPRECATED_OBJC_IMPLEMENTATIONS = YES;
				CLANG_WARN_DIRECT_OBJC_ISA_USAGE = YES_ERROR;
				CLANG_WARN_DOCUMENTATION_COMMENTS = YES;
				CLANG_WARN_EMPTY_BODY = YES;
				CLANG_WARN_ENUM_CONVERSION = YES;
				CLANG_WARN_INFINITE_RECURSION = YES;
				CLANG_WARN_INT_CONVERSION = YES;
				CLANG_WARN_NON_LITERAL_NULL_CONVERSION = YES;
				CLANG_WARN_OBJC_IMPLICIT_RETAIN_SELF = YES;
				CLANG_WARN_OBJC_LITERAL_CONVERSION = YES;
				CLANG_WARN_OBJC_ROOT_CLASS = YES_ERROR;
				CLANG_WARN_QUOTED_INCLUDE_IN_FRAMEWORK_HEADER = YES;
				CLANG_WARN_RANGE_LOOP_ANALYSIS = YES;
				CLANG_WARN_STRICT_PROTOTYPES = YES;
				CLANG_WARN_SUSPICIOUS_MOVE = YES;
				CLANG_WARN_UNGUARDED_AVAILABILITY = YES_AGGRESSIVE;
				CLANG_WARN_UNREACHABLE_CODE = YES;
				CLANG_WARN__DUPLICATE_METHOD_MATCH = YES;
				COPY_PHASE_STRIP = NO;
				DEBUG_INFORMATION_FORMAT = dwarf;
				ENABLE_STRICT_OBJC_MSGSEND = YES;
				ENABLE_TESTABILITY = YES;
				ENABLE_USER_SCRIPT_SANDBOXING = YES;
				GCC_C_LANGUAGE_STANDARD = gnu17;
				GCC_DYNAMIC_NO_PIC = NO;
				GCC_NO_COMMON_BLOCKS = YES;
				GCC_OPTIMIZATION_LEVEL = 0;
				GCC_PREPROCESSOR_DEFINITIONS = (
					"DEBUG=1",
					"$(inherited)",
				);
				GCC_WARN_64_TO_32_BIT_CONVERSION = YES;
				GCC_WARN_ABOUT_RETURN_TYPE = YES_ERROR;
				GCC_WARN_UNDECLARED_SELECTOR = YES;
				GCC_WARN_UNINITIALIZED_AUTOS = YES_AGGRESSIVE;
				GCC_WARN_UNUSED_FUNCTION = YES;
				GCC_WARN_UNUSED_VARIABLE = YES;
				IPHONEOS_DEPLOYMENT_TARGET = 17.2;
				LOCALIZATION_PREFERS_STRING_CATALOGS = YES;
				MTL_ENABLE_DEBUG_INFO = INCLUDE_SOURCE;
				MTL_FAST_MATH = YES;
				ONLY_ACTIVE_ARCH = YES;
				SDKROOT = iphoneos;
				SWIFT_ACTIVE_COMPILATION_CONDITIONS = "DEBUG $(inherited)";
				SWIFT_OPTIMIZATION_LEVEL = "-Onone";
			};
			name = Debug;
		};
		DE2B143E2B2FCDAE00566C6D /* Release */ = {
			isa = XCBuildConfiguration;
			buildSettings = {
				ALWAYS_SEARCH_USER_PATHS = NO;
				ASSETCATALOG_COMPILER_GENERATE_SWIFT_ASSET_SYMBOL_EXTENSIONS = YES;
				CLANG_ANALYZER_NONNULL = YES;
				CLANG_ANALYZER_NUMBER_OBJECT_CONVERSION = YES_AGGRESSIVE;
				CLANG_CXX_LANGUAGE_STANDARD = "gnu++20";
				CLANG_ENABLE_MODULES = YES;
				CLANG_ENABLE_OBJC_ARC = YES;
				CLANG_ENABLE_OBJC_WEAK = YES;
				CLANG_WARN_BLOCK_CAPTURE_AUTORELEASING = YES;
				CLANG_WARN_BOOL_CONVERSION = YES;
				CLANG_WARN_COMMA = YES;
				CLANG_WARN_CONSTANT_CONVERSION = YES;
				CLANG_WARN_DEPRECATED_OBJC_IMPLEMENTATIONS = YES;
				CLANG_WARN_DIRECT_OBJC_ISA_USAGE = YES_ERROR;
				CLANG_WARN_DOCUMENTATION_COMMENTS = YES;
				CLANG_WARN_EMPTY_BODY = YES;
				CLANG_WARN_ENUM_CONVERSION = YES;
				CLANG_WARN_INFINITE_RECURSION = YES;
				CLANG_WARN_INT_CONVERSION = YES;
				CLANG_WARN_NON_LITERAL_NULL_CONVERSION = YES;
				CLANG_WARN_OBJC_IMPLICIT_RETAIN_SELF = YES;
				CLANG_WARN_OBJC_LITERAL_CONVERSION = YES;
				CLANG_WARN_OBJC_ROOT_CLASS = YES_ERROR;
				CLANG_WARN_QUOTED_INCLUDE_IN_FRAMEWORK_HEADER = YES;
				CLANG_WARN_RANGE_LOOP_ANALYSIS = YES;
				CLANG_WARN_STRICT_PROTOTYPES = YES;
				CLANG_WARN_SUSPICIOUS_MOVE = YES;
				CLANG_WARN_UNGUARDED_AVAILABILITY = YES_AGGRESSIVE;
				CLANG_WARN_UNREACHABLE_CODE = YES;
				CLANG_WARN__DUPLICATE_METHOD_MATCH = YES;
				COPY_PHASE_STRIP = NO;
				DEBUG_INFORMATION_FORMAT = "dwarf-with-dsym";
				ENABLE_NS_ASSERTIONS = NO;
				ENABLE_STRICT_OBJC_MSGSEND = YES;
				ENABLE_USER_SCRIPT_SANDBOXING = YES;
				GCC_C_LANGUAGE_STANDARD = gnu17;
				GCC_NO_COMMON_BLOCKS = YES;
				GCC_WARN_64_TO_32_BIT_CONVERSION = YES;
				GCC_WARN_ABOUT_RETURN_TYPE = YES_ERROR;
				GCC_WARN_UNDECLARED_SELECTOR = YES;
				GCC_WARN_UNINITIALIZED_AUTOS = YES_AGGRESSIVE;
				GCC_WARN_UNUSED_FUNCTION = YES;
				GCC_WARN_UNUSED_VARIABLE = YES;
				IPHONEOS_DEPLOYMENT_TARGET = 17.2;
				LOCALIZATION_PREFERS_STRING_CATALOGS = YES;
				MTL_ENABLE_DEBUG_INFO = NO;
				MTL_FAST_MATH = YES;
				SDKROOT = iphoneos;
				SWIFT_COMPILATION_MODE = wholemodule;
				VALIDATE_PRODUCT = YES;
			};
			name = Release;
		};
		DE2B14402B2FCDAE00566C6D /* Debug */ = {
			isa = XCBuildConfiguration;
			buildSettings = {
				ASSETCATALOG_COMPILER_APPICON_NAME = AppIcon;
				ASSETCATALOG_COMPILER_GLOBAL_ACCENT_COLOR_NAME = AccentColor;
				CODE_SIGN_STYLE = Automatic;
				CURRENT_PROJECT_VERSION = 1;
				DEVELOPMENT_ASSET_PATHS = "\"UITestingDemo/Preview Content\"";
				DEVELOPMENT_TEAM = 654S523AG2;
				ENABLE_PREVIEWS = YES;
				GENERATE_INFOPLIST_FILE = YES;
				INFOPLIST_KEY_UIApplicationSceneManifest_Generation = YES;
				INFOPLIST_KEY_UIApplicationSupportsIndirectInputEvents = YES;
				INFOPLIST_KEY_UILaunchScreen_Generation = YES;
				INFOPLIST_KEY_UISupportedInterfaceOrientations_iPad = "UIInterfaceOrientationPortrait UIInterfaceOrientationPortraitUpsideDown UIInterfaceOrientationLandscapeLeft UIInterfaceOrientationLandscapeRight";
				INFOPLIST_KEY_UISupportedInterfaceOrientations_iPhone = "UIInterfaceOrientationPortrait UIInterfaceOrientationLandscapeLeft UIInterfaceOrientationLandscapeRight";
				LD_RUNPATH_SEARCH_PATHS = (
					"$(inherited)",
					"@executable_path/Frameworks",
				);
				MARKETING_VERSION = 1.0;
				PRODUCT_BUNDLE_IDENTIFIER = com.oz.UITestingDemo;
				PRODUCT_NAME = "$(TARGET_NAME)";
				SWIFT_EMIT_LOC_STRINGS = YES;
				SWIFT_VERSION = 5.0;
				TARGETED_DEVICE_FAMILY = "1,2";
			};
			name = Debug;
		};
		DE2B14412B2FCDAE00566C6D /* Release */ = {
			isa = XCBuildConfiguration;
			buildSettings = {
				ASSETCATALOG_COMPILER_APPICON_NAME = AppIcon;
				ASSETCATALOG_COMPILER_GLOBAL_ACCENT_COLOR_NAME = AccentColor;
				CODE_SIGN_STYLE = Automatic;
				CURRENT_PROJECT_VERSION = 1;
				DEVELOPMENT_ASSET_PATHS = "\"UITestingDemo/Preview Content\"";
				DEVELOPMENT_TEAM = 654S523AG2;
				ENABLE_PREVIEWS = YES;
				GENERATE_INFOPLIST_FILE = YES;
				INFOPLIST_KEY_UIApplicationSceneManifest_Generation = YES;
				INFOPLIST_KEY_UIApplicationSupportsIndirectInputEvents = YES;
				INFOPLIST_KEY_UILaunchScreen_Generation = YES;
				INFOPLIST_KEY_UISupportedInterfaceOrientations_iPad = "UIInterfaceOrientationPortrait UIInterfaceOrientationPortraitUpsideDown UIInterfaceOrientationLandscapeLeft UIInterfaceOrientationLandscapeRight";
				INFOPLIST_KEY_UISupportedInterfaceOrientations_iPhone = "UIInterfaceOrientationPortrait UIInterfaceOrientationLandscapeLeft UIInterfaceOrientationLandscapeRight";
				LD_RUNPATH_SEARCH_PATHS = (
					"$(inherited)",
					"@executable_path/Frameworks",
				);
				MARKETING_VERSION = 1.0;
				PRODUCT_BUNDLE_IDENTIFIER = com.oz.UITestingDemo;
				PRODUCT_NAME = "$(TARGET_NAME)";
				SWIFT_EMIT_LOC_STRINGS = YES;
				SWIFT_VERSION = 5.0;
				TARGETED_DEVICE_FAMILY = "1,2";
			};
			name = Release;
		};
		DE2B14432B2FCDAE00566C6D /* Debug */ = {
			isa = XCBuildConfiguration;
			buildSettings = {
				ALWAYS_EMBED_SWIFT_STANDARD_LIBRARIES = YES;
				BUNDLE_LOADER = "$(TEST_HOST)";
				CODE_SIGN_STYLE = Automatic;
				CURRENT_PROJECT_VERSION = 1;
				DEVELOPMENT_TEAM = 654S523AG2;
				GENERATE_INFOPLIST_FILE = YES;
				IPHONEOS_DEPLOYMENT_TARGET = 17.2;
				MARKETING_VERSION = 1.0;
				PRODUCT_BUNDLE_IDENTIFIER = com.oz.UITestingDemoTests;
				PRODUCT_NAME = "$(TARGET_NAME)";
				SWIFT_EMIT_LOC_STRINGS = NO;
				SWIFT_VERSION = 5.0;
				TARGETED_DEVICE_FAMILY = "1,2";
				TEST_HOST = "$(BUILT_PRODUCTS_DIR)/UITestingDemo.app/$(BUNDLE_EXECUTABLE_FOLDER_PATH)/UITestingDemo";
			};
			name = Debug;
		};
		DE2B14442B2FCDAE00566C6D /* Release */ = {
			isa = XCBuildConfiguration;
			buildSettings = {
				ALWAYS_EMBED_SWIFT_STANDARD_LIBRARIES = YES;
				BUNDLE_LOADER = "$(TEST_HOST)";
				CODE_SIGN_STYLE = Automatic;
				CURRENT_PROJECT_VERSION = 1;
				DEVELOPMENT_TEAM = 654S523AG2;
				GENERATE_INFOPLIST_FILE = YES;
				IPHONEOS_DEPLOYMENT_TARGET = 17.2;
				MARKETING_VERSION = 1.0;
				PRODUCT_BUNDLE_IDENTIFIER = com.oz.UITestingDemoTests;
				PRODUCT_NAME = "$(TARGET_NAME)";
				SWIFT_EMIT_LOC_STRINGS = NO;
				SWIFT_VERSION = 5.0;
				TARGETED_DEVICE_FAMILY = "1,2";
				TEST_HOST = "$(BUILT_PRODUCTS_DIR)/UITestingDemo.app/$(BUNDLE_EXECUTABLE_FOLDER_PATH)/UITestingDemo";
			};
			name = Release;
		};
		DE2B14462B2FCDAE00566C6D /* Debug */ = {
			isa = XCBuildConfiguration;
			buildSettings = {
				ALWAYS_EMBED_SWIFT_STANDARD_LIBRARIES = YES;
				CODE_SIGN_STYLE = Automatic;
				CURRENT_PROJECT_VERSION = 1;
				DEVELOPMENT_TEAM = 654S523AG2;
				GENERATE_INFOPLIST_FILE = YES;
				MARKETING_VERSION = 1.0;
				PRODUCT_BUNDLE_IDENTIFIER = com.oz.UITestingDemoUITests;
				PRODUCT_NAME = "$(TARGET_NAME)";
				SWIFT_EMIT_LOC_STRINGS = NO;
				SWIFT_VERSION = 5.0;
				TARGETED_DEVICE_FAMILY = "1,2";
				TEST_TARGET_NAME = UITestingDemo;
			};
			name = Debug;
		};
		DE2B14472B2FCDAE00566C6D /* Release */ = {
			isa = XCBuildConfiguration;
			buildSettings = {
				ALWAYS_EMBED_SWIFT_STANDARD_LIBRARIES = YES;
				CODE_SIGN_STYLE = Automatic;
				CURRENT_PROJECT_VERSION = 1;
				DEVELOPMENT_TEAM = 654S523AG2;
				GENERATE_INFOPLIST_FILE = YES;
				MARKETING_VERSION = 1.0;
				PRODUCT_BUNDLE_IDENTIFIER = com.oz.UITestingDemoUITests;
				PRODUCT_NAME = "$(TARGET_NAME)";
				SWIFT_EMIT_LOC_STRINGS = NO;
				SWIFT_VERSION = 5.0;
				TARGETED_DEVICE_FAMILY = "1,2";
				TEST_TARGET_NAME = UITestingDemo;
			};
			name = Release;
		};
/* End XCBuildConfiguration section */

/* Begin XCConfigurationList section */
		DE2B14162B2FCDAB00566C6D /* Build configuration list for PBXProject "UITestingDemo" */ = {
			isa = XCConfigurationList;
			buildConfigurations = (
				DE2B143D2B2FCDAE00566C6D /* Debug */,
				DE2B143E2B2FCDAE00566C6D /* Release */,
			);
			defaultConfigurationIsVisible = 0;
			defaultConfigurationName = Release;
		};
		DE2B143F2B2FCDAE00566C6D /* Build configuration list for PBXNativeTarget "UITestingDemo" */ = {
			isa = XCConfigurationList;
			buildConfigurations = (
				DE2B14402B2FCDAE00566C6D /* Debug */,
				DE2B14412B2FCDAE00566C6D /* Release */,
			);
			defaultConfigurationIsVisible = 0;
			defaultConfigurationName = Release;
		};
		DE2B14422B2FCDAE00566C6D /* Build configuration list for PBXNativeTarget "UITestingDemoTests" */ = {
			isa = XCConfigurationList;
			buildConfigurations = (
				DE2B14432B2FCDAE00566C6D /* Debug */,
				DE2B14442B2FCDAE00566C6D /* Release */,
			);
			defaultConfigurationIsVisible = 0;
			defaultConfigurationName = Release;
		};
		DE2B14452B2FCDAE00566C6D /* Build configuration list for PBXNativeTarget "UITestingDemoUITests" */ = {
			isa = XCConfigurationList;
			buildConfigurations = (
				DE2B14462B2FCDAE00566C6D /* Debug */,
				DE2B14472B2FCDAE00566C6D /* Release */,
			);
			defaultConfigurationIsVisible = 0;
			defaultConfigurationName = Release;
		};
/* End XCConfigurationList section */
	};
	rootObject = DE2B14132B2FCDAB00566C6D /* Project object */;
}
