// !$*UTF8*$!
{
	archiveVersion = 1;
	classes = {
	};
	objectVersion = 56;
	objects = {

/* Begin PBXBuildFile section */
		9A1F4E932AD7BCCE0060D4C1 /* StackFrameView.swift in Sources */ = {isa = PBXBuildFile; fileRef = 9A1F4E922AD7BCCE0060D4C1 /* StackFrameView.swift */; };
		9A23CE132AEF342E0038AA83 /* AppStorageView.swift in Sources */ = {isa = PBXBuildFile; fileRef = 9A23CE122AEF342E0038AA83 /* AppStorageView.swift */; };
		9A23CE152AEF4F640038AA83 /* StorageNavigationView.swift in Sources */ = {isa = PBXBuildFile; fileRef = 9A23CE142AEF4F640038AA83 /* StorageNavigationView.swift */; };
		9A23CE172AEF69360038AA83 /* AlignmentView.swift in Sources */ = {isa = PBXBuildFile; fileRef = 9A23CE162AEF69360038AA83 /* AlignmentView.swift */; };
		9A3A1E5C2AD6249C00CFA063 /* DemoProject2App.swift in Sources */ = {isa = PBXBuildFile; fileRef = 9A3A1E5B2AD6249C00CFA063 /* DemoProject2App.swift */; };
		9A3A1E5E2AD6249C00CFA063 /* ContentView.swift in Sources */ = {isa = PBXBuildFile; fileRef = 9A3A1E5D2AD6249C00CFA063 /* ContentView.swift */; };
		9A3A1E602AD6249E00CFA063 /* Assets.xcassets in Resources */ = {isa = PBXBuildFile; fileRef = 9A3A1E5F2AD6249E00CFA063 /* Assets.xcassets */; };
		9A3A1E632AD6249E00CFA063 /* Preview Assets.xcassets in Resources */ = {isa = PBXBuildFile; fileRef = 9A3A1E622AD6249E00CFA063 /* Preview Assets.xcassets */; };
		9A3A1E6A2AD6413F00CFA063 /* BasicView.swift in Sources */ = {isa = PBXBuildFile; fileRef = 9A3A1E692AD6413F00CFA063 /* BasicView.swift */; };
		9A51F96B2AE0EC04007FCEB0 /* ConcurrencyView.swift in Sources */ = {isa = PBXBuildFile; fileRef = 9A51F96A2AE0EC04007FCEB0 /* ConcurrencyView.swift */; };
		9A849B6B2AF0D27B001A5FD9 /* ExAlignmentView.swift in Sources */ = {isa = PBXBuildFile; fileRef = 9A849B6A2AF0D27B001A5FD9 /* ExAlignmentView.swift */; };
		9A849B6D2AF0DA62001A5FD9 /* ListNavigationView.swift in Sources */ = {isa = PBXBuildFile; fileRef = 9A849B6C2AF0DA62001A5FD9 /* ListNavigationView.swift */; };
		9AA204ED2AD9189A002E7BE0 /* StateView.swift in Sources */ = {isa = PBXBuildFile; fileRef = 9AA204EC2AD9189A002E7BE0 /* StateView.swift */; };
		9AB7001B2AF4C80F00370A4D /* PhotoPickerSampleView.swift in Sources */ = {isa = PBXBuildFile; fileRef = 9AB7001A2AF4C80F00370A4D /* PhotoPickerSampleView.swift */; };
		9AB7004C2AFC69D100370A4D /* GridRowView.swift in Sources */ = {isa = PBXBuildFile; fileRef = 9AB7004B2AFC69D100370A4D /* GridRowView.swift */; };
		9AB7004E2AFC790F00370A4D /* TabViewDemoView.swift in Sources */ = {isa = PBXBuildFile; fileRef = 9AB7004D2AFC790F00370A4D /* TabViewDemoView.swift */; };
		9AB700502AFC803000370A4D /* ContextMenuDemoView.swift in Sources */ = {isa = PBXBuildFile; fileRef = 9AB7004F2AFC803000370A4D /* ContextMenuDemoView.swift */; };
		9AEFC7952AF3244B0062489E /* ListNavDemoView.swift in Sources */ = {isa = PBXBuildFile; fileRef = 9AEFC7942AF3244B0062489E /* ListNavDemoView.swift */; };
		9AEFC7972AF325F30062489E /* CarAssets.xcassets in Resources */ = {isa = PBXBuildFile; fileRef = 9AEFC7962AF325F30062489E /* CarAssets.xcassets */; };
		9AEFC79B2AF326F40062489E /* carData.json in Resources */ = {isa = PBXBuildFile; fileRef = 9AEFC79A2AF326F40062489E /* carData.json */; };
		9AEFC79D2AF3292F0062489E /* loadJson.swift in Sources */ = {isa = PBXBuildFile; fileRef = 9AEFC79C2AF3292F0062489E /* loadJson.swift */; };
		9AEFC79F2AF3341D0062489E /* ListNavDemoCarDetailView.swift in Sources */ = {isa = PBXBuildFile; fileRef = 9AEFC79E2AF3341D0062489E /* ListNavDemoCarDetailView.swift */; };
		9AEFC7A12AF33BF50062489E /* ListNavDemoAddNewCarView.swift in Sources */ = {isa = PBXBuildFile; fileRef = 9AEFC7A02AF33BF50062489E /* ListNavDemoAddNewCarView.swift */; };
/* End PBXBuildFile section */

/* Begin PBXFileReference section */
		9A1F4E922AD7BCCE0060D4C1 /* StackFrameView.swift */ = {isa = PBXFileReference; lastKnownFileType = sourcecode.swift; path = StackFrameView.swift; sourceTree = "<group>"; };
		9A23CE122AEF342E0038AA83 /* AppStorageView.swift */ = {isa = PBXFileReference; lastKnownFileType = sourcecode.swift; path = AppStorageView.swift; sourceTree = "<group>"; };
		9A23CE142AEF4F640038AA83 /* StorageNavigationView.swift */ = {isa = PBXFileReference; lastKnownFileType = sourcecode.swift; path = StorageNavigationView.swift; sourceTree = "<group>"; };
		9A23CE162AEF69360038AA83 /* AlignmentView.swift */ = {isa = PBXFileReference; lastKnownFileType = sourcecode.swift; path = AlignmentView.swift; sourceTree = "<group>"; };
		9A3A1E582AD6249C00CFA063 /* DemoProject2.app */ = {isa = PBXFileReference; explicitFileType = wrapper.application; includeInIndex = 0; path = DemoProject2.app; sourceTree = BUILT_PRODUCTS_DIR; };
		9A3A1E5B2AD6249C00CFA063 /* DemoProject2App.swift */ = {isa = PBXFileReference; lastKnownFileType = sourcecode.swift; path = DemoProject2App.swift; sourceTree = "<group>"; };
		9A3A1E5D2AD6249C00CFA063 /* ContentView.swift */ = {isa = PBXFileReference; lastKnownFileType = sourcecode.swift; path = ContentView.swift; sourceTree = "<group>"; };
		9A3A1E5F2AD6249E00CFA063 /* Assets.xcassets */ = {isa = PBXFileReference; lastKnownFileType = folder.assetcatalog; path = Assets.xcassets; sourceTree = "<group>"; };
		9A3A1E622AD6249E00CFA063 /* Preview Assets.xcassets */ = {isa = PBXFileReference; lastKnownFileType = folder.assetcatalog; path = "Preview Assets.xcassets"; sourceTree = "<group>"; };
		9A3A1E692AD6413F00CFA063 /* BasicView.swift */ = {isa = PBXFileReference; lastKnownFileType = sourcecode.swift; path = BasicView.swift; sourceTree = "<group>"; };
		9A51F96A2AE0EC04007FCEB0 /* ConcurrencyView.swift */ = {isa = PBXFileReference; lastKnownFileType = sourcecode.swift; path = ConcurrencyView.swift; sourceTree = "<group>"; };
		9A849B6A2AF0D27B001A5FD9 /* ExAlignmentView.swift */ = {isa = PBXFileReference; lastKnownFileType = sourcecode.swift; path = ExAlignmentView.swift; sourceTree = "<group>"; };
		9A849B6C2AF0DA62001A5FD9 /* ListNavigationView.swift */ = {isa = PBXFileReference; lastKnownFileType = sourcecode.swift; path = ListNavigationView.swift; sourceTree = "<group>"; };
		9AA204EC2AD9189A002E7BE0 /* StateView.swift */ = {isa = PBXFileReference; lastKnownFileType = sourcecode.swift; path = StateView.swift; sourceTree = "<group>"; };
		9AB7001A2AF4C80F00370A4D /* PhotoPickerSampleView.swift */ = {isa = PBXFileReference; lastKnownFileType = sourcecode.swift; path = PhotoPickerSampleView.swift; sourceTree = "<group>"; };
		9AB7004B2AFC69D100370A4D /* GridRowView.swift */ = {isa = PBXFileReference; lastKnownFileType = sourcecode.swift; path = GridRowView.swift; sourceTree = "<group>"; };
		9AB7004D2AFC790F00370A4D /* TabViewDemoView.swift */ = {isa = PBXFileReference; lastKnownFileType = sourcecode.swift; path = TabViewDemoView.swift; sourceTree = "<group>"; };
		9AB7004F2AFC803000370A4D /* ContextMenuDemoView.swift */ = {isa = PBXFileReference; lastKnownFileType = sourcecode.swift; path = ContextMenuDemoView.swift; sourceTree = "<group>"; };
		9AEFC7942AF3244B0062489E /* ListNavDemoView.swift */ = {isa = PBXFileReference; lastKnownFileType = sourcecode.swift; path = ListNavDemoView.swift; sourceTree = "<group>"; };
		9AEFC7962AF325F30062489E /* CarAssets.xcassets */ = {isa = PBXFileReference; lastKnownFileType = folder.assetcatalog; path = CarAssets.xcassets; sourceTree = "<group>"; };
		9AEFC79A2AF326F40062489E /* carData.json */ = {isa = PBXFileReference; fileEncoding = 4; lastKnownFileType = text.json; path = carData.json; sourceTree = "<group>"; };
		9AEFC79C2AF3292F0062489E /* loadJson.swift */ = {isa = PBXFileReference; lastKnownFileType = sourcecode.swift; path = loadJson.swift; sourceTree = "<group>"; };
		9AEFC79E2AF3341D0062489E /* ListNavDemoCarDetailView.swift */ = {isa = PBXFileReference; lastKnownFileType = sourcecode.swift; path = ListNavDemoCarDetailView.swift; sourceTree = "<group>"; };
		9AEFC7A02AF33BF50062489E /* ListNavDemoAddNewCarView.swift */ = {isa = PBXFileReference; lastKnownFileType = sourcecode.swift; path = ListNavDemoAddNewCarView.swift; sourceTree = "<group>"; };
/* End PBXFileReference section */

/* Begin PBXFrameworksBuildPhase section */
		9A3A1E552AD6249C00CFA063 /* Frameworks */ = {
			isa = PBXFrameworksBuildPhase;
			buildActionMask = 2147483647;
			files = (
			);
			runOnlyForDeploymentPostprocessing = 0;
		};
/* End PBXFrameworksBuildPhase section */

/* Begin PBXGroup section */
		9A3A1E4F2AD6249C00CFA063 = {
			isa = PBXGroup;
			children = (
				9A3A1E5A2AD6249C00CFA063 /* DemoProject2 */,
				9A3A1E592AD6249C00CFA063 /* Products */,
			);
			sourceTree = "<group>";
		};
		9A3A1E592AD6249C00CFA063 /* Products */ = {
			isa = PBXGroup;
			children = (
				9A3A1E582AD6249C00CFA063 /* DemoProject2.app */,
			);
			name = Products;
			sourceTree = "<group>";
		};
		9A3A1E5A2AD6249C00CFA063 /* DemoProject2 */ = {
			isa = PBXGroup;
			children = (
				9A3A1E5B2AD6249C00CFA063 /* DemoProject2App.swift */,
				9A3A1E5D2AD6249C00CFA063 /* ContentView.swift */,
				9A3A1E692AD6413F00CFA063 /* BasicView.swift */,
				9A1F4E922AD7BCCE0060D4C1 /* StackFrameView.swift */,
				9AA204EC2AD9189A002E7BE0 /* StateView.swift */,
				9A51F96A2AE0EC04007FCEB0 /* ConcurrencyView.swift */,
				9A23CE122AEF342E0038AA83 /* AppStorageView.swift */,
				9A23CE142AEF4F640038AA83 /* StorageNavigationView.swift */,
				9A23CE162AEF69360038AA83 /* AlignmentView.swift */,
				9A849B6A2AF0D27B001A5FD9 /* ExAlignmentView.swift */,
				9A849B6C2AF0DA62001A5FD9 /* ListNavigationView.swift */,
				9AEFC7942AF3244B0062489E /* ListNavDemoView.swift */,
				9AEFC79E2AF3341D0062489E /* ListNavDemoCarDetailView.swift */,
				9AEFC7A02AF33BF50062489E /* ListNavDemoAddNewCarView.swift */,
				9AEFC79C2AF3292F0062489E /* loadJson.swift */,
				9AB7001A2AF4C80F00370A4D /* PhotoPickerSampleView.swift */,
				9AB7004B2AFC69D100370A4D /* GridRowView.swift */,
				9AB7004D2AFC790F00370A4D /* TabViewDemoView.swift */,
				9AB7004F2AFC803000370A4D /* ContextMenuDemoView.swift */,
				9AEFC79A2AF326F40062489E /* carData.json */,
				9A3A1E5F2AD6249E00CFA063 /* Assets.xcassets */,
				9AEFC7962AF325F30062489E /* CarAssets.xcassets */,
				9A3A1E612AD6249E00CFA063 /* Preview Content */,
			);
			path = DemoProject2;
			sourceTree = "<group>";
		};
		9A3A1E612AD6249E00CFA063 /* Preview Content */ = {
			isa = PBXGroup;
			children = (
				9A3A1E622AD6249E00CFA063 /* Preview Assets.xcassets */,
			);
			path = "Preview Content";
			sourceTree = "<group>";
		};
/* End PBXGroup section */

/* Begin PBXNativeTarget section */
		9A3A1E572AD6249C00CFA063 /* DemoProject2 */ = {
			isa = PBXNativeTarget;
			buildConfigurationList = 9A3A1E662AD6249E00CFA063 /* Build configuration list for PBXNativeTarget "DemoProject2" */;
			buildPhases = (
				9A3A1E542AD6249C00CFA063 /* Sources */,
				9A3A1E552AD6249C00CFA063 /* Frameworks */,
				9A3A1E562AD6249C00CFA063 /* Resources */,
			);
			buildRules = (
			);
			dependencies = (
			);
			name = DemoProject2;
			productName = DemoProject2;
			productReference = 9A3A1E582AD6249C00CFA063 /* DemoProject2.app */;
			productType = "com.apple.product-type.application";
		};
/* End PBXNativeTarget section */

/* Begin PBXProject section */
		9A3A1E502AD6249C00CFA063 /* Project object */ = {
			isa = PBXProject;
			attributes = {
				BuildIndependentTargetsInParallel = 1;
				LastSwiftUpdateCheck = 1500;
				LastUpgradeCheck = 1500;
				TargetAttributes = {
					9A3A1E572AD6249C00CFA063 = {
						CreatedOnToolsVersion = 15.0;
					};
				};
			};
			buildConfigurationList = 9A3A1E532AD6249C00CFA063 /* Build configuration list for PBXProject "DemoProject2" */;
			compatibilityVersion = "Xcode 14.0";
			developmentRegion = en;
			hasScannedForEncodings = 0;
			knownRegions = (
				en,
				Base,
			);
			mainGroup = 9A3A1E4F2AD6249C00CFA063;
			productRefGroup = 9A3A1E592AD6249C00CFA063 /* Products */;
			projectDirPath = "";
			projectRoot = "";
			targets = (
				9A3A1E572AD6249C00CFA063 /* DemoProject2 */,
			);
		};
/* End PBXProject section */

/* Begin PBXResourcesBuildPhase section */
		9A3A1E562AD6249C00CFA063 /* Resources */ = {
			isa = PBXResourcesBuildPhase;
			buildActionMask = 2147483647;
			files = (
				9AEFC79B2AF326F40062489E /* carData.json in Resources */,
				9A3A1E632AD6249E00CFA063 /* Preview Assets.xcassets in Resources */,
				9A3A1E602AD6249E00CFA063 /* Assets.xcassets in Resources */,
				9AEFC7972AF325F30062489E /* CarAssets.xcassets in Resources */,
			);
			runOnlyForDeploymentPostprocessing = 0;
		};
/* End PBXResourcesBuildPhase section */

/* Begin PBXSourcesBuildPhase section */
		9A3A1E542AD6249C00CFA063 /* Sources */ = {
			isa = PBXSourcesBuildPhase;
			buildActionMask = 2147483647;
			files = (
				9AB7004E2AFC790F00370A4D /* TabViewDemoView.swift in Sources */,
				9A3A1E6A2AD6413F00CFA063 /* BasicView.swift in Sources */,
				9A849B6B2AF0D27B001A5FD9 /* ExAlignmentView.swift in Sources */,
				9AB7004C2AFC69D100370A4D /* GridRowView.swift in Sources */,
				9AEFC7A12AF33BF50062489E /* ListNavDemoAddNewCarView.swift in Sources */,
				9AEFC79F2AF3341D0062489E /* ListNavDemoCarDetailView.swift in Sources */,
				9A3A1E5E2AD6249C00CFA063 /* ContentView.swift in Sources */,
				9A51F96B2AE0EC04007FCEB0 /* ConcurrencyView.swift in Sources */,
				9A849B6D2AF0DA62001A5FD9 /* ListNavigationView.swift in Sources */,
				9AA204ED2AD9189A002E7BE0 /* StateView.swift in Sources */,
				9AB700502AFC803000370A4D /* ContextMenuDemoView.swift in Sources */,
				9A23CE172AEF69360038AA83 /* AlignmentView.swift in Sources */,
				9A3A1E5C2AD6249C00CFA063 /* DemoProject2App.swift in Sources */,
				9A1F4E932AD7BCCE0060D4C1 /* StackFrameView.swift in Sources */,
				9AB7001B2AF4C80F00370A4D /* PhotoPickerSampleView.swift in Sources */,
				9AEFC79D2AF3292F0062489E /* loadJson.swift in Sources */,
				9AEFC7952AF3244B0062489E /* ListNavDemoView.swift in Sources */,
				9A23CE152AEF4F640038AA83 /* StorageNavigationView.swift in Sources */,
				9A23CE132AEF342E0038AA83 /* AppStorageView.swift in Sources */,
			);
			runOnlyForDeploymentPostprocessing = 0;
		};
/* End PBXSourcesBuildPhase section */

/* Begin XCBuildConfiguration section */
		9A3A1E642AD6249E00CFA063 /* Debug */ = {
			isa = XCBuildConfiguration;
			buildSettings = {
				ALWAYS_SEARCH_USER_PATHS = NO;
				ASSETCATALOG_COMPILER_GENERATE_SWIFT_ASSET_SYMBOL_EXTENSIONS = YES;
				CLANG_ANALYZER_NONNULL = YES;
				CLANG_ANALYZER_NUMBER_OBJECT_CONVERSION = YES_AGGRESSIVE;
				CLANG_CXX_LANGUAGE_STANDARD = "gnu++20";
				CLANG_ENABLE_MODULES = YES;
				CLANG_ENABLE_OBJC_ARC = YES;
				CLANG_ENABLE_OBJC_WEAK = YES;
				CLANG_WARN_BLOCK_CAPTURE_AUTORELEASING = YES;
				CLANG_WARN_BOOL_CONVERSION = YES;
				CLANG_WARN_COMMA = YES;
				CLANG_WARN_CONSTANT_CONVERSION = YES;
				CLANG_WARN_DEPRECATED_OBJC_IMPLEMENTATIONS = YES;
				CLANG_WARN_DIRECT_OBJC_ISA_USAGE = YES_ERROR;
				CLANG_WARN_DOCUMENTATION_COMMENTS = YES;
				CLANG_WARN_EMPTY_BODY = YES;
				CLANG_WARN_ENUM_CONVERSION = YES;
				CLANG_WARN_INFINITE_RECURSION = YES;
				CLANG_WARN_INT_CONVERSION = YES;
				CLANG_WARN_NON_LITERAL_NULL_CONVERSION = YES;
				CLANG_WARN_OBJC_IMPLICIT_RETAIN_SELF = YES;
				CLANG_WARN_OBJC_LITERAL_CONVERSION = YES;
				CLANG_WARN_OBJC_ROOT_CLASS = YES_ERROR;
				CLANG_WARN_QUOTED_INCLUDE_IN_FRAMEWORK_HEADER = YES;
				CLANG_WARN_RANGE_LOOP_ANALYSIS = YES;
				CLANG_WARN_STRICT_PROTOTYPES = YES;
				CLANG_WARN_SUSPICIOUS_MOVE = YES;
				CLANG_WARN_UNGUARDED_AVAILABILITY = YES_AGGRESSIVE;
				CLANG_WARN_UNREACHABLE_CODE = YES;
				CLANG_WARN__DUPLICATE_METHOD_MATCH = YES;
				COPY_PHASE_STRIP = NO;
				DEBUG_INFORMATION_FORMAT = dwarf;
				ENABLE_STRICT_OBJC_MSGSEND = YES;
				ENABLE_TESTABILITY = YES;
				ENABLE_USER_SCRIPT_SANDBOXING = YES;
				GCC_C_LANGUAGE_STANDARD = gnu17;
				GCC_DYNAMIC_NO_PIC = NO;
				GCC_NO_COMMON_BLOCKS = YES;
				GCC_OPTIMIZATION_LEVEL = 0;
				GCC_PREPROCESSOR_DEFINITIONS = (
					"DEBUG=1",
					"$(inherited)",
				);
				GCC_WARN_64_TO_32_BIT_CONVERSION = YES;
				GCC_WARN_ABOUT_RETURN_TYPE = YES_ERROR;
				GCC_WARN_UNDECLARED_SELECTOR = YES;
				GCC_WARN_UNINITIALIZED_AUTOS = YES_AGGRESSIVE;
				GCC_WARN_UNUSED_FUNCTION = YES;
				GCC_WARN_UNUSED_VARIABLE = YES;
				IPHONEOS_DEPLOYMENT_TARGET = 17.0;
				LOCALIZATION_PREFERS_STRING_CATALOGS = YES;
				MTL_ENABLE_DEBUG_INFO = INCLUDE_SOURCE;
				MTL_FAST_MATH = YES;
				ONLY_ACTIVE_ARCH = YES;
				SDKROOT = iphoneos;
				SWIFT_ACTIVE_COMPILATION_CONDITIONS = "DEBUG $(inherited)";
				SWIFT_OPTIMIZATION_LEVEL = "-Onone";
			};
			name = Debug;
		};
		9A3A1E652AD6249E00CFA063 /* Release */ = {
			isa = XCBuildConfiguration;
			buildSettings = {
				ALWAYS_SEARCH_USER_PATHS = NO;
				ASSETCATALOG_COMPILER_GENERATE_SWIFT_ASSET_SYMBOL_EXTENSIONS = YES;
				CLANG_ANALYZER_NONNULL = YES;
				CLANG_ANALYZER_NUMBER_OBJECT_CONVERSION = YES_AGGRESSIVE;
				CLANG_CXX_LANGUAGE_STANDARD = "gnu++20";
				CLANG_ENABLE_MODULES = YES;
				CLANG_ENABLE_OBJC_ARC = YES;
				CLANG_ENABLE_OBJC_WEAK = YES;
				CLANG_WARN_BLOCK_CAPTURE_AUTORELEASING = YES;
				CLANG_WARN_BOOL_CONVERSION = YES;
				CLANG_WARN_COMMA = YES;
				CLANG_WARN_CONSTANT_CONVERSION = YES;
				CLANG_WARN_DEPRECATED_OBJC_IMPLEMENTATIONS = YES;
				CLANG_WARN_DIRECT_OBJC_ISA_USAGE = YES_ERROR;
				CLANG_WARN_DOCUMENTATION_COMMENTS = YES;
				CLANG_WARN_EMPTY_BODY = YES;
				CLANG_WARN_ENUM_CONVERSION = YES;
				CLANG_WARN_INFINITE_RECURSION = YES;
				CLANG_WARN_INT_CONVERSION = YES;
				CLANG_WARN_NON_LITERAL_NULL_CONVERSION = YES;
				CLANG_WARN_OBJC_IMPLICIT_RETAIN_SELF = YES;
				CLANG_WARN_OBJC_LITERAL_CONVERSION = YES;
				CLANG_WARN_OBJC_ROOT_CLASS = YES_ERROR;
				CLANG_WARN_QUOTED_INCLUDE_IN_FRAMEWORK_HEADER = YES;
				CLANG_WARN_RANGE_LOOP_ANALYSIS = YES;
				CLANG_WARN_STRICT_PROTOTYPES = YES;
				CLANG_WARN_SUSPICIOUS_MOVE = YES;
				CLANG_WARN_UNGUARDED_AVAILABILITY = YES_AGGRESSIVE;
				CLANG_WARN_UNREACHABLE_CODE = YES;
				CLANG_WARN__DUPLICATE_METHOD_MATCH = YES;
				COPY_PHASE_STRIP = NO;
				DEBUG_INFORMATION_FORMAT = "dwarf-with-dsym";
				ENABLE_NS_ASSERTIONS = NO;
				ENABLE_STRICT_OBJC_MSGSEND = YES;
				ENABLE_USER_SCRIPT_SANDBOXING = YES;
				GCC_C_LANGUAGE_STANDARD = gnu17;
				GCC_NO_COMMON_BLOCKS = YES;
				GCC_WARN_64_TO_32_BIT_CONVERSION = YES;
				GCC_WARN_ABOUT_RETURN_TYPE = YES_ERROR;
				GCC_WARN_UNDECLARED_SELECTOR = YES;
				GCC_WARN_UNINITIALIZED_AUTOS = YES_AGGRESSIVE;
				GCC_WARN_UNUSED_FUNCTION = YES;
				GCC_WARN_UNUSED_VARIABLE = YES;
				IPHONEOS_DEPLOYMENT_TARGET = 17.0;
				LOCALIZATION_PREFERS_STRING_CATALOGS = YES;
				MTL_ENABLE_DEBUG_INFO = NO;
				MTL_FAST_MATH = YES;
				SDKROOT = iphoneos;
				SWIFT_COMPILATION_MODE = wholemodule;
				VALIDATE_PRODUCT = YES;
			};
			name = Release;
		};
		9A3A1E672AD6249E00CFA063 /* Debug */ = {
			isa = XCBuildConfiguration;
			buildSettings = {
				ASSETCATALOG_COMPILER_APPICON_NAME = AppIcon;
				ASSETCATALOG_COMPILER_GLOBAL_ACCENT_COLOR_NAME = AccentColor;
				CODE_SIGN_STYLE = Automatic;
				CURRENT_PROJECT_VERSION = 1;
				DEVELOPMENT_ASSET_PATHS = "\"DemoProject2/Preview Content\"";
				DEVELOPMENT_TEAM = 2252348JAM;
				ENABLE_PREVIEWS = YES;
				GENERATE_INFOPLIST_FILE = YES;
				INFOPLIST_KEY_UIApplicationSceneManifest_Generation = YES;
				INFOPLIST_KEY_UIApplicationSupportsIndirectInputEvents = YES;
				INFOPLIST_KEY_UILaunchScreen_Generation = YES;
				INFOPLIST_KEY_UISupportedInterfaceOrientations_iPad = "UIInterfaceOrientationPortrait UIInterfaceOrientationPortraitUpsideDown UIInterfaceOrientationLandscapeLeft UIInterfaceOrientationLandscapeRight";
				INFOPLIST_KEY_UISupportedInterfaceOrientations_iPhone = "UIInterfaceOrientationPortrait UIInterfaceOrientationLandscapeLeft UIInterfaceOrientationLandscapeRight";
				LD_RUNPATH_SEARCH_PATHS = (
					"$(inherited)",
					"@executable_path/Frameworks",
				);
				MARKETING_VERSION = 1.0;
				PRODUCT_BUNDLE_IDENTIFIER = com.jake5113.DemoProject2;
				PRODUCT_NAME = "$(TARGET_NAME)";
				SWIFT_EMIT_LOC_STRINGS = YES;
				SWIFT_VERSION = 5.0;
				TARGETED_DEVICE_FAMILY = "1,2";
			};
			name = Debug;
		};
		9A3A1E682AD6249E00CFA063 /* Release */ = {
			isa = XCBuildConfiguration;
			buildSettings = {
				ASSETCATALOG_COMPILER_APPICON_NAME = AppIcon;
				ASSETCATALOG_COMPILER_GLOBAL_ACCENT_COLOR_NAME = AccentColor;
				CODE_SIGN_STYLE = Automatic;
				CURRENT_PROJECT_VERSION = 1;
				DEVELOPMENT_ASSET_PATHS = "\"DemoProject2/Preview Content\"";
				DEVELOPMENT_TEAM = 2252348JAM;
				ENABLE_PREVIEWS = YES;
				GENERATE_INFOPLIST_FILE = YES;
				INFOPLIST_KEY_UIApplicationSceneManifest_Generation = YES;
				INFOPLIST_KEY_UIApplicationSupportsIndirectInputEvents = YES;
				INFOPLIST_KEY_UILaunchScreen_Generation = YES;
				INFOPLIST_KEY_UISupportedInterfaceOrientations_iPad = "UIInterfaceOrientationPortrait UIInterfaceOrientationPortraitUpsideDown UIInterfaceOrientationLandscapeLeft UIInterfaceOrientationLandscapeRight";
				INFOPLIST_KEY_UISupportedInterfaceOrientations_iPhone = "UIInterfaceOrientationPortrait UIInterfaceOrientationLandscapeLeft UIInterfaceOrientationLandscapeRight";
				LD_RUNPATH_SEARCH_PATHS = (
					"$(inherited)",
					"@executable_path/Frameworks",
				);
				MARKETING_VERSION = 1.0;
				PRODUCT_BUNDLE_IDENTIFIER = com.jake5113.DemoProject2;
				PRODUCT_NAME = "$(TARGET_NAME)";
				SWIFT_EMIT_LOC_STRINGS = YES;
				SWIFT_VERSION = 5.0;
				TARGETED_DEVICE_FAMILY = "1,2";
			};
			name = Release;
		};
/* End XCBuildConfiguration section */

/* Begin XCConfigurationList section */
		9A3A1E532AD6249C00CFA063 /* Build configuration list for PBXProject "DemoProject2" */ = {
			isa = XCConfigurationList;
			buildConfigurations = (
				9A3A1E642AD6249E00CFA063 /* Debug */,
				9A3A1E652AD6249E00CFA063 /* Release */,
			);
			defaultConfigurationIsVisible = 0;
			defaultConfigurationName = Release;
		};
		9A3A1E662AD6249E00CFA063 /* Build configuration list for PBXNativeTarget "DemoProject2" */ = {
			isa = XCConfigurationList;
			buildConfigurations = (
				9A3A1E672AD6249E00CFA063 /* Debug */,
				9A3A1E682AD6249E00CFA063 /* Release */,
			);
			defaultConfigurationIsVisible = 0;
			defaultConfigurationName = Release;
		};
/* End XCConfigurationList section */
	};
	rootObject = 9A3A1E502AD6249C00CFA063 /* Project object */;
}
