// !$*UTF8*$!
{
	archiveVersion = 1;
	classes = {
	};
	objectVersion = 56;
	objects = {

/* Begin PBXBuildFile section */
		9A5AE4C82B3D11AB000B7AFF /* WidgetDemoApp.swift in Sources */ = {isa = PBXBuildFile; fileRef = 9A5AE4C72B3D11AB000B7AFF /* WidgetDemoApp.swift */; };
		9A5AE4CA2B3D11AB000B7AFF /* ContentView.swift in Sources */ = {isa = PBXBuildFile; fileRef = 9A5AE4C92B3D11AB000B7AFF /* ContentView.swift */; };
		9A5AE4CC2B3D11AD000B7AFF /* Assets.xcassets in Resources */ = {isa = PBXBuildFile; fileRef = 9A5AE4CB2B3D11AD000B7AFF /* Assets.xcassets */; };
		9A5AE4CF2B3D11AD000B7AFF /* Preview Assets.xcassets in Resources */ = {isa = PBXBuildFile; fileRef = 9A5AE4CE2B3D11AD000B7AFF /* Preview Assets.xcassets */; };
		9A5AE4DC2B3D1204000B7AFF /* WidgetKit.framework in Frameworks */ = {isa = PBXBuildFile; fileRef = 9A5AE4DB2B3D1204000B7AFF /* WidgetKit.framework */; };
		9A5AE4DE2B3D1204000B7AFF /* SwiftUI.framework in Frameworks */ = {isa = PBXBuildFile; fileRef = 9A5AE4DD2B3D1204000B7AFF /* SwiftUI.framework */; };
		9A5AE4E12B3D1204000B7AFF /* WeatherWidgetBundle.swift in Sources */ = {isa = PBXBuildFile; fileRef = 9A5AE4E02B3D1204000B7AFF /* WeatherWidgetBundle.swift */; };
		9A5AE4E32B3D1204000B7AFF /* WeatherWidgetLiveActivity.swift in Sources */ = {isa = PBXBuildFile; fileRef = 9A5AE4E22B3D1204000B7AFF /* WeatherWidgetLiveActivity.swift */; };
		9A5AE4E52B3D1204000B7AFF /* WeatherWidget.swift in Sources */ = {isa = PBXBuildFile; fileRef = 9A5AE4E42B3D1204000B7AFF /* WeatherWidget.swift */; };
		9A5AE4E72B3D1204000B7AFF /* AppIntent.swift in Sources */ = {isa = PBXBuildFile; fileRef = 9A5AE4E62B3D1204000B7AFF /* AppIntent.swift */; };
		9A5AE4E92B3D1205000B7AFF /* Assets.xcassets in Resources */ = {isa = PBXBuildFile; fileRef = 9A5AE4E82B3D1205000B7AFF /* Assets.xcassets */; };
		9A5AE4ED2B3D1205000B7AFF /* WeatherWidgetExtension.appex in Embed Foundation Extensions */ = {isa = PBXBuildFile; fileRef = 9A5AE4D92B3D1204000B7AFF /* WeatherWidgetExtension.appex */; settings = {ATTRIBUTES = (RemoveHeadersOnCopy, ); }; };
		9A5AE4F32B3D16EE000B7AFF /* WeatherDetailView.swift in Sources */ = {isa = PBXBuildFile; fileRef = 9A5AE4F22B3D16EE000B7AFF /* WeatherDetailView.swift */; };
		9A5AE4F52B3D31AA000B7AFF /* WeatherData.swift in Sources */ = {isa = PBXBuildFile; fileRef = 9A5AE4F42B3D31AA000B7AFF /* WeatherData.swift */; };
		9A5AE4F62B3D31AA000B7AFF /* WeatherData.swift in Sources */ = {isa = PBXBuildFile; fileRef = 9A5AE4F42B3D31AA000B7AFF /* WeatherData.swift */; };
/* End PBXBuildFile section */

/* Begin PBXContainerItemProxy section */
		9A5AE4EB2B3D1205000B7AFF /* PBXContainerItemProxy */ = {
			isa = PBXContainerItemProxy;
			containerPortal = 9A5AE4BC2B3D11AB000B7AFF /* Project object */;
			proxyType = 1;
			remoteGlobalIDString = 9A5AE4D82B3D1204000B7AFF;
			remoteInfo = WeatherWidgetExtension;
		};
/* End PBXContainerItemProxy section */

/* Begin PBXCopyFilesBuildPhase section */
		9A5AE4F12B3D1205000B7AFF /* Embed Foundation Extensions */ = {
			isa = PBXCopyFilesBuildPhase;
			buildActionMask = 2147483647;
			dstPath = "";
			dstSubfolderSpec = 13;
			files = (
				9A5AE4ED2B3D1205000B7AFF /* WeatherWidgetExtension.appex in Embed Foundation Extensions */,
			);
			name = "Embed Foundation Extensions";
			runOnlyForDeploymentPostprocessing = 0;
		};
/* End PBXCopyFilesBuildPhase section */

/* Begin PBXFileReference section */
		9A5AE4C42B3D11AB000B7AFF /* WidgetDemo.app */ = {isa = PBXFileReference; explicitFileType = wrapper.application; includeInIndex = 0; path = WidgetDemo.app; sourceTree = BUILT_PRODUCTS_DIR; };
		9A5AE4C72B3D11AB000B7AFF /* WidgetDemoApp.swift */ = {isa = PBXFileReference; lastKnownFileType = sourcecode.swift; path = WidgetDemoApp.swift; sourceTree = "<group>"; };
		9A5AE4C92B3D11AB000B7AFF /* ContentView.swift */ = {isa = PBXFileReference; lastKnownFileType = sourcecode.swift; path = ContentView.swift; sourceTree = "<group>"; };
		9A5AE4CB2B3D11AD000B7AFF /* Assets.xcassets */ = {isa = PBXFileReference; lastKnownFileType = folder.assetcatalog; path = Assets.xcassets; sourceTree = "<group>"; };
		9A5AE4CE2B3D11AD000B7AFF /* Preview Assets.xcassets */ = {isa = PBXFileReference; lastKnownFileType = folder.assetcatalog; path = "Preview Assets.xcassets"; sourceTree = "<group>"; };
		9A5AE4D92B3D1204000B7AFF /* WeatherWidgetExtension.appex */ = {isa = PBXFileReference; explicitFileType = "wrapper.app-extension"; includeInIndex = 0; path = WeatherWidgetExtension.appex; sourceTree = BUILT_PRODUCTS_DIR; };
		9A5AE4DB2B3D1204000B7AFF /* WidgetKit.framework */ = {isa = PBXFileReference; lastKnownFileType = wrapper.framework; name = WidgetKit.framework; path = System/Library/Frameworks/WidgetKit.framework; sourceTree = SDKROOT; };
		9A5AE4DD2B3D1204000B7AFF /* SwiftUI.framework */ = {isa = PBXFileReference; lastKnownFileType = wrapper.framework; name = SwiftUI.framework; path = System/Library/Frameworks/SwiftUI.framework; sourceTree = SDKROOT; };
		9A5AE4E02B3D1204000B7AFF /* WeatherWidgetBundle.swift */ = {isa = PBXFileReference; lastKnownFileType = sourcecode.swift; path = WeatherWidgetBundle.swift; sourceTree = "<group>"; };
		9A5AE4E22B3D1204000B7AFF /* WeatherWidgetLiveActivity.swift */ = {isa = PBXFileReference; lastKnownFileType = sourcecode.swift; path = WeatherWidgetLiveActivity.swift; sourceTree = "<group>"; };
		9A5AE4E42B3D1204000B7AFF /* WeatherWidget.swift */ = {isa = PBXFileReference; lastKnownFileType = sourcecode.swift; path = WeatherWidget.swift; sourceTree = "<group>"; };
		9A5AE4E62B3D1204000B7AFF /* AppIntent.swift */ = {isa = PBXFileReference; lastKnownFileType = sourcecode.swift; path = AppIntent.swift; sourceTree = "<group>"; };
		9A5AE4E82B3D1205000B7AFF /* Assets.xcassets */ = {isa = PBXFileReference; lastKnownFileType = folder.assetcatalog; path = Assets.xcassets; sourceTree = "<group>"; };
		9A5AE4EA2B3D1205000B7AFF /* Info.plist */ = {isa = PBXFileReference; lastKnownFileType = text.plist.xml; path = Info.plist; sourceTree = "<group>"; };
		9A5AE4F22B3D16EE000B7AFF /* WeatherDetailView.swift */ = {isa = PBXFileReference; lastKnownFileType = sourcecode.swift; path = WeatherDetailView.swift; sourceTree = "<group>"; };
		9A5AE4F42B3D31AA000B7AFF /* WeatherData.swift */ = {isa = PBXFileReference; lastKnownFileType = sourcecode.swift; path = WeatherData.swift; sourceTree = "<group>"; };
/* End PBXFileReference section */

/* Begin PBXFrameworksBuildPhase section */
		9A5AE4C12B3D11AB000B7AFF /* Frameworks */ = {
			isa = PBXFrameworksBuildPhase;
			buildActionMask = 2147483647;
			files = (
			);
			runOnlyForDeploymentPostprocessing = 0;
		};
		9A5AE4D62B3D1204000B7AFF /* Frameworks */ = {
			isa = PBXFrameworksBuildPhase;
			buildActionMask = 2147483647;
			files = (
				9A5AE4DE2B3D1204000B7AFF /* SwiftUI.framework in Frameworks */,
				9A5AE4DC2B3D1204000B7AFF /* WidgetKit.framework in Frameworks */,
			);
			runOnlyForDeploymentPostprocessing = 0;
		};
/* End PBXFrameworksBuildPhase section */

/* Begin PBXGroup section */
		9A5AE4BB2B3D11AB000B7AFF = {
			isa = PBXGroup;
			children = (
				9A5AE4C62B3D11AB000B7AFF /* WidgetDemo */,
				9A5AE4DF2B3D1204000B7AFF /* WeatherWidget */,
				9A5AE4DA2B3D1204000B7AFF /* Frameworks */,
				9A5AE4C52B3D11AB000B7AFF /* Products */,
			);
			sourceTree = "<group>";
		};
		9A5AE4C52B3D11AB000B7AFF /* Products */ = {
			isa = PBXGroup;
			children = (
				9A5AE4C42B3D11AB000B7AFF /* WidgetDemo.app */,
				9A5AE4D92B3D1204000B7AFF /* WeatherWidgetExtension.appex */,
			);
			name = Products;
			sourceTree = "<group>";
		};
		9A5AE4C62B3D11AB000B7AFF /* WidgetDemo */ = {
			isa = PBXGroup;
			children = (
				9A5AE4C72B3D11AB000B7AFF /* WidgetDemoApp.swift */,
				9A5AE4C92B3D11AB000B7AFF /* ContentView.swift */,
				9A5AE4F22B3D16EE000B7AFF /* WeatherDetailView.swift */,
				9A5AE4CB2B3D11AD000B7AFF /* Assets.xcassets */,
				9A5AE4CD2B3D11AD000B7AFF /* Preview Content */,
				9A5AE4F42B3D31AA000B7AFF /* WeatherData.swift */,
			);
			path = WidgetDemo;
			sourceTree = "<group>";
		};
		9A5AE4CD2B3D11AD000B7AFF /* Preview Content */ = {
			isa = PBXGroup;
			children = (
				9A5AE4CE2B3D11AD000B7AFF /* Preview Assets.xcassets */,
			);
			path = "Preview Content";
			sourceTree = "<group>";
		};
		9A5AE4DA2B3D1204000B7AFF /* Frameworks */ = {
			isa = PBXGroup;
			children = (
				9A5AE4DB2B3D1204000B7AFF /* WidgetKit.framework */,
				9A5AE4DD2B3D1204000B7AFF /* SwiftUI.framework */,
			);
			name = Frameworks;
			sourceTree = "<group>";
		};
		9A5AE4DF2B3D1204000B7AFF /* WeatherWidget */ = {
			isa = PBXGroup;
			children = (
				9A5AE4E02B3D1204000B7AFF /* WeatherWidgetBundle.swift */,
				9A5AE4E22B3D1204000B7AFF /* WeatherWidgetLiveActivity.swift */,
				9A5AE4E42B3D1204000B7AFF /* WeatherWidget.swift */,
				9A5AE4E62B3D1204000B7AFF /* AppIntent.swift */,
				9A5AE4E82B3D1205000B7AFF /* Assets.xcassets */,
				9A5AE4EA2B3D1205000B7AFF /* Info.plist */,
			);
			path = WeatherWidget;
			sourceTree = "<group>";
		};
/* End PBXGroup section */

/* Begin PBXNativeTarget section */
		9A5AE4C32B3D11AB000B7AFF /* WidgetDemo */ = {
			isa = PBXNativeTarget;
			buildConfigurationList = 9A5AE4D22B3D11AD000B7AFF /* Build configuration list for PBXNativeTarget "WidgetDemo" */;
			buildPhases = (
				9A5AE4C02B3D11AB000B7AFF /* Sources */,
				9A5AE4C12B3D11AB000B7AFF /* Frameworks */,
				9A5AE4C22B3D11AB000B7AFF /* Resources */,
				9A5AE4F12B3D1205000B7AFF /* Embed Foundation Extensions */,
			);
			buildRules = (
			);
			dependencies = (
				9A5AE4EC2B3D1205000B7AFF /* PBXTargetDependency */,
			);
			name = WidgetDemo;
			productName = WidgetDemo;
			productReference = 9A5AE4C42B3D11AB000B7AFF /* WidgetDemo.app */;
			productType = "com.apple.product-type.application";
		};
		9A5AE4D82B3D1204000B7AFF /* WeatherWidgetExtension */ = {
			isa = PBXNativeTarget;
			buildConfigurationList = 9A5AE4EE2B3D1205000B7AFF /* Build configuration list for PBXNativeTarget "WeatherWidgetExtension" */;
			buildPhases = (
				9A5AE4D52B3D1204000B7AFF /* Sources */,
				9A5AE4D62B3D1204000B7AFF /* Frameworks */,
				9A5AE4D72B3D1204000B7AFF /* Resources */,
			);
			buildRules = (
			);
			dependencies = (
			);
			name = WeatherWidgetExtension;
			productName = WeatherWidgetExtension;
			productReference = 9A5AE4D92B3D1204000B7AFF /* WeatherWidgetExtension.appex */;
			productType = "com.apple.product-type.app-extension";
		};
/* End PBXNativeTarget section */

/* Begin PBXProject section */
		9A5AE4BC2B3D11AB000B7AFF /* Project object */ = {
			isa = PBXProject;
			attributes = {
				BuildIndependentTargetsInParallel = 1;
				LastSwiftUpdateCheck = 1510;
				LastUpgradeCheck = 1510;
				TargetAttributes = {
					9A5AE4C32B3D11AB000B7AFF = {
						CreatedOnToolsVersion = 15.1;
					};
					9A5AE4D82B3D1204000B7AFF = {
						CreatedOnToolsVersion = 15.1;
					};
				};
			};
			buildConfigurationList = 9A5AE4BF2B3D11AB000B7AFF /* Build configuration list for PBXProject "WidgetDemo" */;
			compatibilityVersion = "Xcode 14.0";
			developmentRegion = en;
			hasScannedForEncodings = 0;
			knownRegions = (
				en,
				Base,
			);
			mainGroup = 9A5AE4BB2B3D11AB000B7AFF;
			productRefGroup = 9A5AE4C52B3D11AB000B7AFF /* Products */;
			projectDirPath = "";
			projectRoot = "";
			targets = (
				9A5AE4C32B3D11AB000B7AFF /* WidgetDemo */,
				9A5AE4D82B3D1204000B7AFF /* WeatherWidgetExtension */,
			);
		};
/* End PBXProject section */

/* Begin PBXResourcesBuildPhase section */
		9A5AE4C22B3D11AB000B7AFF /* Resources */ = {
			isa = PBXResourcesBuildPhase;
			buildActionMask = 2147483647;
			files = (
				9A5AE4CF2B3D11AD000B7AFF /* Preview Assets.xcassets in Resources */,
				9A5AE4CC2B3D11AD000B7AFF /* Assets.xcassets in Resources */,
			);
			runOnlyForDeploymentPostprocessing = 0;
		};
		9A5AE4D72B3D1204000B7AFF /* Resources */ = {
			isa = PBXResourcesBuildPhase;
			buildActionMask = 2147483647;
			files = (
				9A5AE4E92B3D1205000B7AFF /* Assets.xcassets in Resources */,
			);
			runOnlyForDeploymentPostprocessing = 0;
		};
/* End PBXResourcesBuildPhase section */

/* Begin PBXSourcesBuildPhase section */
		9A5AE4C02B3D11AB000B7AFF /* Sources */ = {
			isa = PBXSourcesBuildPhase;
			buildActionMask = 2147483647;
			files = (
				9A5AE4F32B3D16EE000B7AFF /* WeatherDetailView.swift in Sources */,
				9A5AE4CA2B3D11AB000B7AFF /* ContentView.swift in Sources */,
				9A5AE4F52B3D31AA000B7AFF /* WeatherData.swift in Sources */,
				9A5AE4C82B3D11AB000B7AFF /* WidgetDemoApp.swift in Sources */,
			);
			runOnlyForDeploymentPostprocessing = 0;
		};
		9A5AE4D52B3D1204000B7AFF /* Sources */ = {
			isa = PBXSourcesBuildPhase;
			buildActionMask = 2147483647;
			files = (
				9A5AE4E12B3D1204000B7AFF /* WeatherWidgetBundle.swift in Sources */,
				9A5AE4F62B3D31AA000B7AFF /* WeatherData.swift in Sources */,
				9A5AE4E72B3D1204000B7AFF /* AppIntent.swift in Sources */,
				9A5AE4E32B3D1204000B7AFF /* WeatherWidgetLiveActivity.swift in Sources */,
				9A5AE4E52B3D1204000B7AFF /* WeatherWidget.swift in Sources */,
			);
			runOnlyForDeploymentPostprocessing = 0;
		};
/* End PBXSourcesBuildPhase section */

/* Begin PBXTargetDependency section */
		9A5AE4EC2B3D1205000B7AFF /* PBXTargetDependency */ = {
			isa = PBXTargetDependency;
			target = 9A5AE4D82B3D1204000B7AFF /* WeatherWidgetExtension */;
			targetProxy = 9A5AE4EB2B3D1205000B7AFF /* PBXContainerItemProxy */;
		};
/* End PBXTargetDependency section */

/* Begin XCBuildConfiguration section */
		9A5AE4D02B3D11AD000B7AFF /* Debug */ = {
			isa = XCBuildConfiguration;
			buildSettings = {
				ALWAYS_SEARCH_USER_PATHS = NO;
				ASSETCATALOG_COMPILER_GENERATE_SWIFT_ASSET_SYMBOL_EXTENSIONS = YES;
				CLANG_ANALYZER_NONNULL = YES;
				CLANG_ANALYZER_NUMBER_OBJECT_CONVERSION = YES_AGGRESSIVE;
				CLANG_CXX_LANGUAGE_STANDARD = "gnu++20";
				CLANG_ENABLE_MODULES = YES;
				CLANG_ENABLE_OBJC_ARC = YES;
				CLANG_ENABLE_OBJC_WEAK = YES;
				CLANG_WARN_BLOCK_CAPTURE_AUTORELEASING = YES;
				CLANG_WARN_BOOL_CONVERSION = YES;
				CLANG_WARN_COMMA = YES;
				CLANG_WARN_CONSTANT_CONVERSION = YES;
				CLANG_WARN_DEPRECATED_OBJC_IMPLEMENTATIONS = YES;
				CLANG_WARN_DIRECT_OBJC_ISA_USAGE = YES_ERROR;
				CLANG_WARN_DOCUMENTATION_COMMENTS = YES;
				CLANG_WARN_EMPTY_BODY = YES;
				CLANG_WARN_ENUM_CONVERSION = YES;
				CLANG_WARN_INFINITE_RECURSION = YES;
				CLANG_WARN_INT_CONVERSION = YES;
				CLANG_WARN_NON_LITERAL_NULL_CONVERSION = YES;
				CLANG_WARN_OBJC_IMPLICIT_RETAIN_SELF = YES;
				CLANG_WARN_OBJC_LITERAL_CONVERSION = YES;
				CLANG_WARN_OBJC_ROOT_CLASS = YES_ERROR;
				CLANG_WARN_QUOTED_INCLUDE_IN_FRAMEWORK_HEADER = YES;
				CLANG_WARN_RANGE_LOOP_ANALYSIS = YES;
				CLANG_WARN_STRICT_PROTOTYPES = YES;
				CLANG_WARN_SUSPICIOUS_MOVE = YES;
				CLANG_WARN_UNGUARDED_AVAILABILITY = YES_AGGRESSIVE;
				CLANG_WARN_UNREACHABLE_CODE = YES;
				CLANG_WARN__DUPLICATE_METHOD_MATCH = YES;
				COPY_PHASE_STRIP = NO;
				DEBUG_INFORMATION_FORMAT = dwarf;
				ENABLE_STRICT_OBJC_MSGSEND = YES;
				ENABLE_TESTABILITY = YES;
				ENABLE_USER_SCRIPT_SANDBOXING = YES;
				GCC_C_LANGUAGE_STANDARD = gnu17;
				GCC_DYNAMIC_NO_PIC = NO;
				GCC_NO_COMMON_BLOCKS = YES;
				GCC_OPTIMIZATION_LEVEL = 0;
				GCC_PREPROCESSOR_DEFINITIONS = (
					"DEBUG=1",
					"$(inherited)",
				);
				GCC_WARN_64_TO_32_BIT_CONVERSION = YES;
				GCC_WARN_ABOUT_RETURN_TYPE = YES_ERROR;
				GCC_WARN_UNDECLARED_SELECTOR = YES;
				GCC_WARN_UNINITIALIZED_AUTOS = YES_AGGRESSIVE;
				GCC_WARN_UNUSED_FUNCTION = YES;
				GCC_WARN_UNUSED_VARIABLE = YES;
				IPHONEOS_DEPLOYMENT_TARGET = 17.2;
				LOCALIZATION_PREFERS_STRING_CATALOGS = YES;
				MTL_ENABLE_DEBUG_INFO = INCLUDE_SOURCE;
				MTL_FAST_MATH = YES;
				ONLY_ACTIVE_ARCH = YES;
				SDKROOT = iphoneos;
				SWIFT_ACTIVE_COMPILATION_CONDITIONS = "DEBUG $(inherited)";
				SWIFT_OPTIMIZATION_LEVEL = "-Onone";
			};
			name = Debug;
		};
		9A5AE4D12B3D11AD000B7AFF /* Release */ = {
			isa = XCBuildConfiguration;
			buildSettings = {
				ALWAYS_SEARCH_USER_PATHS = NO;
				ASSETCATALOG_COMPILER_GENERATE_SWIFT_ASSET_SYMBOL_EXTENSIONS = YES;
				CLANG_ANALYZER_NONNULL = YES;
				CLANG_ANALYZER_NUMBER_OBJECT_CONVERSION = YES_AGGRESSIVE;
				CLANG_CXX_LANGUAGE_STANDARD = "gnu++20";
				CLANG_ENABLE_MODULES = YES;
				CLANG_ENABLE_OBJC_ARC = YES;
				CLANG_ENABLE_OBJC_WEAK = YES;
				CLANG_WARN_BLOCK_CAPTURE_AUTORELEASING = YES;
				CLANG_WARN_BOOL_CONVERSION = YES;
				CLANG_WARN_COMMA = YES;
				CLANG_WARN_CONSTANT_CONVERSION = YES;
				CLANG_WARN_DEPRECATED_OBJC_IMPLEMENTATIONS = YES;
				CLANG_WARN_DIRECT_OBJC_ISA_USAGE = YES_ERROR;
				CLANG_WARN_DOCUMENTATION_COMMENTS = YES;
				CLANG_WARN_EMPTY_BODY = YES;
				CLANG_WARN_ENUM_CONVERSION = YES;
				CLANG_WARN_INFINITE_RECURSION = YES;
				CLANG_WARN_INT_CONVERSION = YES;
				CLANG_WARN_NON_LITERAL_NULL_CONVERSION = YES;
				CLANG_WARN_OBJC_IMPLICIT_RETAIN_SELF = YES;
				CLANG_WARN_OBJC_LITERAL_CONVERSION = YES;
				CLANG_WARN_OBJC_ROOT_CLASS = YES_ERROR;
				CLANG_WARN_QUOTED_INCLUDE_IN_FRAMEWORK_HEADER = YES;
				CLANG_WARN_RANGE_LOOP_ANALYSIS = YES;
				CLANG_WARN_STRICT_PROTOTYPES = YES;
				CLANG_WARN_SUSPICIOUS_MOVE = YES;
				CLANG_WARN_UNGUARDED_AVAILABILITY = YES_AGGRESSIVE;
				CLANG_WARN_UNREACHABLE_CODE = YES;
				CLANG_WARN__DUPLICATE_METHOD_MATCH = YES;
				COPY_PHASE_STRIP = NO;
				DEBUG_INFORMATION_FORMAT = "dwarf-with-dsym";
				ENABLE_NS_ASSERTIONS = NO;
				ENABLE_STRICT_OBJC_MSGSEND = YES;
				ENABLE_USER_SCRIPT_SANDBOXING = YES;
				GCC_C_LANGUAGE_STANDARD = gnu17;
				GCC_NO_COMMON_BLOCKS = YES;
				GCC_WARN_64_TO_32_BIT_CONVERSION = YES;
				GCC_WARN_ABOUT_RETURN_TYPE = YES_ERROR;
				GCC_WARN_UNDECLARED_SELECTOR = YES;
				GCC_WARN_UNINITIALIZED_AUTOS = YES_AGGRESSIVE;
				GCC_WARN_UNUSED_FUNCTION = YES;
				GCC_WARN_UNUSED_VARIABLE = YES;
				IPHONEOS_DEPLOYMENT_TARGET = 17.2;
				LOCALIZATION_PREFERS_STRING_CATALOGS = YES;
				MTL_ENABLE_DEBUG_INFO = NO;
				MTL_FAST_MATH = YES;
				SDKROOT = iphoneos;
				SWIFT_COMPILATION_MODE = wholemodule;
				VALIDATE_PRODUCT = YES;
			};
			name = Release;
		};
		9A5AE4D32B3D11AD000B7AFF /* Debug */ = {
			isa = XCBuildConfiguration;
			buildSettings = {
				ALWAYS_EMBED_SWIFT_STANDARD_LIBRARIES = YES;
				ASSETCATALOG_COMPILER_APPICON_NAME = AppIcon;
				ASSETCATALOG_COMPILER_GLOBAL_ACCENT_COLOR_NAME = AccentColor;
				CODE_SIGN_STYLE = Automatic;
				CURRENT_PROJECT_VERSION = 1;
				DEVELOPMENT_ASSET_PATHS = "\"WidgetDemo/Preview Content\"";
				DEVELOPMENT_TEAM = 2252348JAM;
				ENABLE_PREVIEWS = YES;
				GENERATE_INFOPLIST_FILE = YES;
				INFOPLIST_KEY_UIApplicationSceneManifest_Generation = YES;
				INFOPLIST_KEY_UIApplicationSupportsIndirectInputEvents = YES;
				INFOPLIST_KEY_UILaunchScreen_Generation = YES;
				INFOPLIST_KEY_UISupportedInterfaceOrientations_iPad = "UIInterfaceOrientationPortrait UIInterfaceOrientationPortraitUpsideDown UIInterfaceOrientationLandscapeLeft UIInterfaceOrientationLandscapeRight";
				INFOPLIST_KEY_UISupportedInterfaceOrientations_iPhone = "UIInterfaceOrientationPortrait UIInterfaceOrientationLandscapeLeft UIInterfaceOrientationLandscapeRight";
				LD_RUNPATH_SEARCH_PATHS = (
					"$(inherited)",
					"@executable_path/Frameworks",
				);
				MARKETING_VERSION = 1.0;
				PRODUCT_BUNDLE_IDENTIFIER = com.jake5113.WidgetDemo;
				PRODUCT_NAME = "$(TARGET_NAME)";
				SWIFT_EMIT_LOC_STRINGS = YES;
				SWIFT_VERSION = 5.0;
				TARGETED_DEVICE_FAMILY = "1,2";
			};
			name = Debug;
		};
		9A5AE4D42B3D11AD000B7AFF /* Release */ = {
			isa = XCBuildConfiguration;
			buildSettings = {
				ALWAYS_EMBED_SWIFT_STANDARD_LIBRARIES = YES;
				ASSETCATALOG_COMPILER_APPICON_NAME = AppIcon;
				ASSETCATALOG_COMPILER_GLOBAL_ACCENT_COLOR_NAME = AccentColor;
				CODE_SIGN_STYLE = Automatic;
				CURRENT_PROJECT_VERSION = 1;
				DEVELOPMENT_ASSET_PATHS = "\"WidgetDemo/Preview Content\"";
				DEVELOPMENT_TEAM = 2252348JAM;
				ENABLE_PREVIEWS = YES;
				GENERATE_INFOPLIST_FILE = YES;
				INFOPLIST_KEY_UIApplicationSceneManifest_Generation = YES;
				INFOPLIST_KEY_UIApplicationSupportsIndirectInputEvents = YES;
				INFOPLIST_KEY_UILaunchScreen_Generation = YES;
				INFOPLIST_KEY_UISupportedInterfaceOrientations_iPad = "UIInterfaceOrientationPortrait UIInterfaceOrientationPortraitUpsideDown UIInterfaceOrientationLandscapeLeft UIInterfaceOrientationLandscapeRight";
				INFOPLIST_KEY_UISupportedInterfaceOrientations_iPhone = "UIInterfaceOrientationPortrait UIInterfaceOrientationLandscapeLeft UIInterfaceOrientationLandscapeRight";
				LD_RUNPATH_SEARCH_PATHS = (
					"$(inherited)",
					"@executable_path/Frameworks",
				);
				MARKETING_VERSION = 1.0;
				PRODUCT_BUNDLE_IDENTIFIER = com.jake5113.WidgetDemo;
				PRODUCT_NAME = "$(TARGET_NAME)";
				SWIFT_EMIT_LOC_STRINGS = YES;
				SWIFT_VERSION = 5.0;
				TARGETED_DEVICE_FAMILY = "1,2";
			};
			name = Release;
		};
		9A5AE4EF2B3D1205000B7AFF /* Debug */ = {
			isa = XCBuildConfiguration;
			buildSettings = {
				ASSETCATALOG_COMPILER_GLOBAL_ACCENT_COLOR_NAME = AccentColor;
				ASSETCATALOG_COMPILER_WIDGET_BACKGROUND_COLOR_NAME = WidgetBackground;
				CODE_SIGN_STYLE = Automatic;
				CURRENT_PROJECT_VERSION = 1;
				DEVELOPMENT_TEAM = 2252348JAM;
				GENERATE_INFOPLIST_FILE = YES;
				INFOPLIST_FILE = WeatherWidget/Info.plist;
				INFOPLIST_KEY_CFBundleDisplayName = WeatherWidget;
				INFOPLIST_KEY_NSHumanReadableCopyright = "";
				LD_RUNPATH_SEARCH_PATHS = (
					"$(inherited)",
					"@executable_path/Frameworks",
					"@executable_path/../../Frameworks",
				);
				MARKETING_VERSION = 1.0;
				PRODUCT_BUNDLE_IDENTIFIER = com.jake5113.WidgetDemo.WeatherWidget;
				PRODUCT_NAME = "$(TARGET_NAME)";
				SKIP_INSTALL = YES;
				SWIFT_EMIT_LOC_STRINGS = YES;
				SWIFT_VERSION = 5.0;
				TARGETED_DEVICE_FAMILY = "1,2";
			};
			name = Debug;
		};
		9A5AE4F02B3D1205000B7AFF /* Release */ = {
			isa = XCBuildConfiguration;
			buildSettings = {
				ASSETCATALOG_COMPILER_GLOBAL_ACCENT_COLOR_NAME = AccentColor;
				ASSETCATALOG_COMPILER_WIDGET_BACKGROUND_COLOR_NAME = WidgetBackground;
				CODE_SIGN_STYLE = Automatic;
				CURRENT_PROJECT_VERSION = 1;
				DEVELOPMENT_TEAM = 2252348JAM;
				GENERATE_INFOPLIST_FILE = YES;
				INFOPLIST_FILE = WeatherWidget/Info.plist;
				INFOPLIST_KEY_CFBundleDisplayName = WeatherWidget;
				INFOPLIST_KEY_NSHumanReadableCopyright = "";
				LD_RUNPATH_SEARCH_PATHS = (
					"$(inherited)",
					"@executable_path/Frameworks",
					"@executable_path/../../Frameworks",
				);
				MARKETING_VERSION = 1.0;
				PRODUCT_BUNDLE_IDENTIFIER = com.jake5113.WidgetDemo.WeatherWidget;
				PRODUCT_NAME = "$(TARGET_NAME)";
				SKIP_INSTALL = YES;
				SWIFT_EMIT_LOC_STRINGS = YES;
				SWIFT_VERSION = 5.0;
				TARGETED_DEVICE_FAMILY = "1,2";
			};
			name = Release;
		};
/* End XCBuildConfiguration section */

/* Begin XCConfigurationList section */
		9A5AE4BF2B3D11AB000B7AFF /* Build configuration list for PBXProject "WidgetDemo" */ = {
			isa = XCConfigurationList;
			buildConfigurations = (
				9A5AE4D02B3D11AD000B7AFF /* Debug */,
				9A5AE4D12B3D11AD000B7AFF /* Release */,
			);
			defaultConfigurationIsVisible = 0;
			defaultConfigurationName = Release;
		};
		9A5AE4D22B3D11AD000B7AFF /* Build configuration list for PBXNativeTarget "WidgetDemo" */ = {
			isa = XCConfigurationList;
			buildConfigurations = (
				9A5AE4D32B3D11AD000B7AFF /* Debug */,
				9A5AE4D42B3D11AD000B7AFF /* Release */,
			);
			defaultConfigurationIsVisible = 0;
			defaultConfigurationName = Release;
		};
		9A5AE4EE2B3D1205000B7AFF /* Build configuration list for PBXNativeTarget "WeatherWidgetExtension" */ = {
			isa = XCConfigurationList;
			buildConfigurations = (
				9A5AE4EF2B3D1205000B7AFF /* Debug */,
				9A5AE4F02B3D1205000B7AFF /* Release */,
			);
			defaultConfigurationIsVisible = 0;
			defaultConfigurationName = Release;
		};
/* End XCConfigurationList section */
	};
	rootObject = 9A5AE4BC2B3D11AB000B7AFF /* Project object */;
}
