// !$*UTF8*$!
{
	archiveVersion = 1;
	classes = {
	};
	objectVersion = 56;
	objects = {

/* Begin PBXBuildFile section */
		9A1F4EA12AD7CE620060D4C1 /* CollectionExamplesApp.swift in Sources */ = {isa = PBXBuildFile; fileRef = 9A1F4EA02AD7CE620060D4C1 /* CollectionExamplesApp.swift */; };
		9A1F4EA32AD7CE620060D4C1 /* ContentView.swift in Sources */ = {isa = PBXBuildFile; fileRef = 9A1F4EA22AD7CE620060D4C1 /* ContentView.swift */; };
		9A1F4EA52AD7CE640060D4C1 /* Assets.xcassets in Resources */ = {isa = PBXBuildFile; fileRef = 9A1F4EA42AD7CE640060D4C1 /* Assets.xcassets */; };
		9A1F4EA82AD7CE640060D4C1 /* Preview Assets.xcassets in Resources */ = {isa = PBXBuildFile; fileRef = 9A1F4EA72AD7CE640060D4C1 /* Preview Assets.xcassets */; };
		9A1F4EAF2AD7CEBD0060D4C1 /* Ex09OddEvenView.swift in Sources */ = {isa = PBXBuildFile; fileRef = 9A1F4EAE2AD7CEBD0060D4C1 /* Ex09OddEvenView.swift */; };
		9A23CE332AEF814A0038AA83 /* UIEx04View.swift in Sources */ = {isa = PBXBuildFile; fileRef = 9A23CE322AEF814A0038AA83 /* UIEx04View.swift */; };
		9A23CE352AEF8FB60038AA83 /* UIEx05View.swift in Sources */ = {isa = PBXBuildFile; fileRef = 9A23CE342AEF8FB60038AA83 /* UIEx05View.swift */; };
		9A23CE372AEF94D40038AA83 /* AlignmentZStackView.swift in Sources */ = {isa = PBXBuildFile; fileRef = 9A23CE362AEF94D40038AA83 /* AlignmentZStackView.swift */; };
		9A23CE392AEFA32E0038AA83 /* StackAlignEx01View.swift in Sources */ = {isa = PBXBuildFile; fileRef = 9A23CE382AEFA32E0038AA83 /* StackAlignEx01View.swift */; };
		9A23CE3F2AEFE7F00038AA83 /* SceneAppStorageNavView.swift in Sources */ = {isa = PBXBuildFile; fileRef = 9A23CE3E2AEFE7F00038AA83 /* SceneAppStorageNavView.swift */; };
		9A23CE412AEFE81C0038AA83 /* SceneStorageView.swift in Sources */ = {isa = PBXBuildFile; fileRef = 9A23CE402AEFE81C0038AA83 /* SceneStorageView.swift */; };
		9A23CE432AEFE8250038AA83 /* AppStorageView.swift in Sources */ = {isa = PBXBuildFile; fileRef = 9A23CE422AEFE8250038AA83 /* AppStorageView.swift */; };
		9A51F96D2AE11C06007FCEB0 /* ConcurrencyEx01View.swift in Sources */ = {isa = PBXBuildFile; fileRef = 9A51F96C2AE11C06007FCEB0 /* ConcurrencyEx01View.swift */; };
		9A51F96F2AE12030007FCEB0 /* ConcurrencyEx02View.swift in Sources */ = {isa = PBXBuildFile; fileRef = 9A51F96E2AE12030007FCEB0 /* ConcurrencyEx02View.swift */; };
		9A52B40D2ADD047800B13676 /* UIEx02View.swift in Sources */ = {isa = PBXBuildFile; fileRef = 9A52B40C2ADD047800B13676 /* UIEx02View.swift */; };
		9A849B6F2AF1DD85001A5FD9 /* ListEx01View.swift in Sources */ = {isa = PBXBuildFile; fileRef = 9A849B6E2AF1DD85001A5FD9 /* ListEx01View.swift */; };
		9A849B712AF1EA6E001A5FD9 /* ListEx02View.swift in Sources */ = {isa = PBXBuildFile; fileRef = 9A849B702AF1EA6E001A5FD9 /* ListEx02View.swift */; };
		9A849B732AF1ED50001A5FD9 /* ListEx03View.swift in Sources */ = {isa = PBXBuildFile; fileRef = 9A849B722AF1ED50001A5FD9 /* ListEx03View.swift */; };
		9A849B752AF213AF001A5FD9 /* ListEx04View.swift in Sources */ = {isa = PBXBuildFile; fileRef = 9A849B742AF213AF001A5FD9 /* ListEx04View.swift */; };
		9A849B772AF218F7001A5FD9 /* ListEx05View.swift in Sources */ = {isa = PBXBuildFile; fileRef = 9A849B762AF218F7001A5FD9 /* ListEx05View.swift */; };
		9A849B792AF2279F001A5FD9 /* NavStack01View.swift in Sources */ = {isa = PBXBuildFile; fileRef = 9A849B782AF2279F001A5FD9 /* NavStack01View.swift */; };
		9A849B7B2AF22928001A5FD9 /* NavStack02View.swift in Sources */ = {isa = PBXBuildFile; fileRef = 9A849B7A2AF22928001A5FD9 /* NavStack02View.swift */; };
		9A849B7D2AF23513001A5FD9 /* NavStack03View.swift in Sources */ = {isa = PBXBuildFile; fileRef = 9A849B7C2AF23513001A5FD9 /* NavStack03View.swift */; };
		9A921E242AD93716009E287B /* Ch23View.swift in Sources */ = {isa = PBXBuildFile; fileRef = 9A921E232AD93716009E287B /* Ch23View.swift */; };
		9A921E262ADCD71F009E287B /* UIEx01View.swift in Sources */ = {isa = PBXBuildFile; fileRef = 9A921E252ADCD71F009E287B /* UIEx01View.swift */; };
		9AA204CF2AD7DBEA002E7BE0 /* Ex10BigMinSmallView.swift in Sources */ = {isa = PBXBuildFile; fileRef = 9AA204CE2AD7DBEA002E7BE0 /* Ex10BigMinSmallView.swift */; };
		9AA204D12AD7E7D0002E7BE0 /* Ex11BasketBallView.swift in Sources */ = {isa = PBXBuildFile; fileRef = 9AA204D02AD7E7D0002E7BE0 /* Ex11BasketBallView.swift */; };
		9AEFC7932AF245280062489E /* NavStack04View.swift in Sources */ = {isa = PBXBuildFile; fileRef = 9AEFC7922AF245280062489E /* NavStack04View.swift */; };
/* End PBXBuildFile section */

/* Begin PBXFileReference section */
		9A1F4E9D2AD7CE620060D4C1 /* CollectionExamples.app */ = {isa = PBXFileReference; explicitFileType = wrapper.application; includeInIndex = 0; path = CollectionExamples.app; sourceTree = BUILT_PRODUCTS_DIR; };
		9A1F4EA02AD7CE620060D4C1 /* CollectionExamplesApp.swift */ = {isa = PBXFileReference; lastKnownFileType = sourcecode.swift; path = CollectionExamplesApp.swift; sourceTree = "<group>"; };
		9A1F4EA22AD7CE620060D4C1 /* ContentView.swift */ = {isa = PBXFileReference; lastKnownFileType = sourcecode.swift; path = ContentView.swift; sourceTree = "<group>"; };
		9A1F4EA42AD7CE640060D4C1 /* Assets.xcassets */ = {isa = PBXFileReference; lastKnownFileType = folder.assetcatalog; path = Assets.xcassets; sourceTree = "<group>"; };
		9A1F4EA72AD7CE640060D4C1 /* Preview Assets.xcassets */ = {isa = PBXFileReference; lastKnownFileType = folder.assetcatalog; path = "Preview Assets.xcassets"; sourceTree = "<group>"; };
		9A1F4EAE2AD7CEBD0060D4C1 /* Ex09OddEvenView.swift */ = {isa = PBXFileReference; lastKnownFileType = sourcecode.swift; path = Ex09OddEvenView.swift; sourceTree = "<group>"; };
		9A23CE322AEF814A0038AA83 /* UIEx04View.swift */ = {isa = PBXFileReference; lastKnownFileType = sourcecode.swift; path = UIEx04View.swift; sourceTree = "<group>"; };
		9A23CE342AEF8FB60038AA83 /* UIEx05View.swift */ = {isa = PBXFileReference; lastKnownFileType = sourcecode.swift; path = UIEx05View.swift; sourceTree = "<group>"; };
		9A23CE362AEF94D40038AA83 /* AlignmentZStackView.swift */ = {isa = PBXFileReference; lastKnownFileType = sourcecode.swift; path = AlignmentZStackView.swift; sourceTree = "<group>"; };
		9A23CE382AEFA32E0038AA83 /* StackAlignEx01View.swift */ = {isa = PBXFileReference; lastKnownFileType = sourcecode.swift; path = StackAlignEx01View.swift; sourceTree = "<group>"; };
		9A23CE3E2AEFE7F00038AA83 /* SceneAppStorageNavView.swift */ = {isa = PBXFileReference; lastKnownFileType = sourcecode.swift; path = SceneAppStorageNavView.swift; sourceTree = "<group>"; };
		9A23CE402AEFE81C0038AA83 /* SceneStorageView.swift */ = {isa = PBXFileReference; lastKnownFileType = sourcecode.swift; path = SceneStorageView.swift; sourceTree = "<group>"; };
		9A23CE422AEFE8250038AA83 /* AppStorageView.swift */ = {isa = PBXFileReference; lastKnownFileType = sourcecode.swift; path = AppStorageView.swift; sourceTree = "<group>"; };
		9A51F96C2AE11C06007FCEB0 /* ConcurrencyEx01View.swift */ = {isa = PBXFileReference; lastKnownFileType = sourcecode.swift; path = ConcurrencyEx01View.swift; sourceTree = "<group>"; };
		9A51F96E2AE12030007FCEB0 /* ConcurrencyEx02View.swift */ = {isa = PBXFileReference; lastKnownFileType = sourcecode.swift; path = ConcurrencyEx02View.swift; sourceTree = "<group>"; };
		9A52B40C2ADD047800B13676 /* UIEx02View.swift */ = {isa = PBXFileReference; lastKnownFileType = sourcecode.swift; path = UIEx02View.swift; sourceTree = "<group>"; };
		9A849B6E2AF1DD85001A5FD9 /* ListEx01View.swift */ = {isa = PBXFileReference; lastKnownFileType = sourcecode.swift; path = ListEx01View.swift; sourceTree = "<group>"; };
		9A849B702AF1EA6E001A5FD9 /* ListEx02View.swift */ = {isa = PBXFileReference; lastKnownFileType = sourcecode.swift; path = ListEx02View.swift; sourceTree = "<group>"; };
		9A849B722AF1ED50001A5FD9 /* ListEx03View.swift */ = {isa = PBXFileReference; lastKnownFileType = sourcecode.swift; path = ListEx03View.swift; sourceTree = "<group>"; };
		9A849B742AF213AF001A5FD9 /* ListEx04View.swift */ = {isa = PBXFileReference; lastKnownFileType = sourcecode.swift; path = ListEx04View.swift; sourceTree = "<group>"; };
		9A849B762AF218F7001A5FD9 /* ListEx05View.swift */ = {isa = PBXFileReference; lastKnownFileType = sourcecode.swift; path = ListEx05View.swift; sourceTree = "<group>"; };
		9A849B782AF2279F001A5FD9 /* NavStack01View.swift */ = {isa = PBXFileReference; lastKnownFileType = sourcecode.swift; path = NavStack01View.swift; sourceTree = "<group>"; };
		9A849B7A2AF22928001A5FD9 /* NavStack02View.swift */ = {isa = PBXFileReference; lastKnownFileType = sourcecode.swift; path = NavStack02View.swift; sourceTree = "<group>"; };
		9A849B7C2AF23513001A5FD9 /* NavStack03View.swift */ = {isa = PBXFileReference; lastKnownFileType = sourcecode.swift; path = NavStack03View.swift; sourceTree = "<group>"; };
		9A921E232AD93716009E287B /* Ch23View.swift */ = {isa = PBXFileReference; lastKnownFileType = sourcecode.swift; path = Ch23View.swift; sourceTree = "<group>"; };
		9A921E252ADCD71F009E287B /* UIEx01View.swift */ = {isa = PBXFileReference; lastKnownFileType = sourcecode.swift; path = UIEx01View.swift; sourceTree = "<group>"; };
		9AA204CE2AD7DBEA002E7BE0 /* Ex10BigMinSmallView.swift */ = {isa = PBXFileReference; lastKnownFileType = sourcecode.swift; path = Ex10BigMinSmallView.swift; sourceTree = "<group>"; };
		9AA204D02AD7E7D0002E7BE0 /* Ex11BasketBallView.swift */ = {isa = PBXFileReference; lastKnownFileType = sourcecode.swift; path = Ex11BasketBallView.swift; sourceTree = "<group>"; };
		9AEFC7922AF245280062489E /* NavStack04View.swift */ = {isa = PBXFileReference; lastKnownFileType = sourcecode.swift; path = NavStack04View.swift; sourceTree = "<group>"; };
/* End PBXFileReference section */

/* Begin PBXFrameworksBuildPhase section */
		9A1F4E9A2AD7CE620060D4C1 /* Frameworks */ = {
			isa = PBXFrameworksBuildPhase;
			buildActionMask = 2147483647;
			files = (
			);
			runOnlyForDeploymentPostprocessing = 0;
		};
/* End PBXFrameworksBuildPhase section */

/* Begin PBXGroup section */
		9A1F4E942AD7CE620060D4C1 = {
			isa = PBXGroup;
			children = (
				9A1F4E9F2AD7CE620060D4C1 /* CollectionExamples */,
				9A1F4E9E2AD7CE620060D4C1 /* Products */,
			);
			sourceTree = "<group>";
		};
		9A1F4E9E2AD7CE620060D4C1 /* Products */ = {
			isa = PBXGroup;
			children = (
				9A1F4E9D2AD7CE620060D4C1 /* CollectionExamples.app */,
			);
			name = Products;
			sourceTree = "<group>";
		};
		9A1F4E9F2AD7CE620060D4C1 /* CollectionExamples */ = {
			isa = PBXGroup;
			children = (
				9A1F4EA02AD7CE620060D4C1 /* CollectionExamplesApp.swift */,
				9A1F4EA22AD7CE620060D4C1 /* ContentView.swift */,
				9A1F4EAE2AD7CEBD0060D4C1 /* Ex09OddEvenView.swift */,
				9AA204CE2AD7DBEA002E7BE0 /* Ex10BigMinSmallView.swift */,
				9AA204D02AD7E7D0002E7BE0 /* Ex11BasketBallView.swift */,
				9A921E232AD93716009E287B /* Ch23View.swift */,
				9A921E252ADCD71F009E287B /* UIEx01View.swift */,
				9A52B40C2ADD047800B13676 /* UIEx02View.swift */,
				9A51F96C2AE11C06007FCEB0 /* ConcurrencyEx01View.swift */,
				9A51F96E2AE12030007FCEB0 /* ConcurrencyEx02View.swift */,
				9A23CE322AEF814A0038AA83 /* UIEx04View.swift */,
				9A23CE342AEF8FB60038AA83 /* UIEx05View.swift */,
				9A23CE362AEF94D40038AA83 /* AlignmentZStackView.swift */,
				9A23CE382AEFA32E0038AA83 /* StackAlignEx01View.swift */,
				9A23CE3E2AEFE7F00038AA83 /* SceneAppStorageNavView.swift */,
				9A23CE402AEFE81C0038AA83 /* SceneStorageView.swift */,
				9A23CE422AEFE8250038AA83 /* AppStorageView.swift */,
				9A849B6E2AF1DD85001A5FD9 /* ListEx01View.swift */,
				9A849B702AF1EA6E001A5FD9 /* ListEx02View.swift */,
				9A849B722AF1ED50001A5FD9 /* ListEx03View.swift */,
				9A849B742AF213AF001A5FD9 /* ListEx04View.swift */,
				9A849B762AF218F7001A5FD9 /* ListEx05View.swift */,
				9A849B782AF2279F001A5FD9 /* NavStack01View.swift */,
				9A849B7A2AF22928001A5FD9 /* NavStack02View.swift */,
				9A849B7C2AF23513001A5FD9 /* NavStack03View.swift */,
				9AEFC7922AF245280062489E /* NavStack04View.swift */,
				9A1F4EA42AD7CE640060D4C1 /* Assets.xcassets */,
				9A1F4EA62AD7CE640060D4C1 /* Preview Content */,
			);
			path = CollectionExamples;
			sourceTree = "<group>";
		};
		9A1F4EA62AD7CE640060D4C1 /* Preview Content */ = {
			isa = PBXGroup;
			children = (
				9A1F4EA72AD7CE640060D4C1 /* Preview Assets.xcassets */,
			);
			path = "Preview Content";
			sourceTree = "<group>";
		};
/* End PBXGroup section */

/* Begin PBXNativeTarget section */
		9A1F4E9C2AD7CE620060D4C1 /* CollectionExamples */ = {
			isa = PBXNativeTarget;
			buildConfigurationList = 9A1F4EAB2AD7CE640060D4C1 /* Build configuration list for PBXNativeTarget "CollectionExamples" */;
			buildPhases = (
				9A1F4E992AD7CE620060D4C1 /* Sources */,
				9A1F4E9A2AD7CE620060D4C1 /* Frameworks */,
				9A1F4E9B2AD7CE620060D4C1 /* Resources */,
			);
			buildRules = (
			);
			dependencies = (
			);
			name = CollectionExamples;
			productName = CollectionExamples;
			productReference = 9A1F4E9D2AD7CE620060D4C1 /* CollectionExamples.app */;
			productType = "com.apple.product-type.application";
		};
/* End PBXNativeTarget section */

/* Begin PBXProject section */
		9A1F4E952AD7CE620060D4C1 /* Project object */ = {
			isa = PBXProject;
			attributes = {
				BuildIndependentTargetsInParallel = 1;
				LastSwiftUpdateCheck = 1500;
				LastUpgradeCheck = 1500;
				TargetAttributes = {
					9A1F4E9C2AD7CE620060D4C1 = {
						CreatedOnToolsVersion = 15.0;
					};
				};
			};
			buildConfigurationList = 9A1F4E982AD7CE620060D4C1 /* Build configuration list for PBXProject "CollectionExamples" */;
			compatibilityVersion = "Xcode 14.0";
			developmentRegion = en;
			hasScannedForEncodings = 0;
			knownRegions = (
				en,
				Base,
			);
			mainGroup = 9A1F4E942AD7CE620060D4C1;
			productRefGroup = 9A1F4E9E2AD7CE620060D4C1 /* Products */;
			projectDirPath = "";
			projectRoot = "";
			targets = (
				9A1F4E9C2AD7CE620060D4C1 /* CollectionExamples */,
			);
		};
/* End PBXProject section */

/* Begin PBXResourcesBuildPhase section */
		9A1F4E9B2AD7CE620060D4C1 /* Resources */ = {
			isa = PBXResourcesBuildPhase;
			buildActionMask = 2147483647;
			files = (
				9A1F4EA82AD7CE640060D4C1 /* Preview Assets.xcassets in Resources */,
				9A1F4EA52AD7CE640060D4C1 /* Assets.xcassets in Resources */,
			);
			runOnlyForDeploymentPostprocessing = 0;
		};
/* End PBXResourcesBuildPhase section */

/* Begin PBXSourcesBuildPhase section */
		9A1F4E992AD7CE620060D4C1 /* Sources */ = {
			isa = PBXSourcesBuildPhase;
			buildActionMask = 2147483647;
			files = (
				9A849B6F2AF1DD85001A5FD9 /* ListEx01View.swift in Sources */,
				9AA204CF2AD7DBEA002E7BE0 /* Ex10BigMinSmallView.swift in Sources */,
				9A849B792AF2279F001A5FD9 /* NavStack01View.swift in Sources */,
				9A849B7D2AF23513001A5FD9 /* NavStack03View.swift in Sources */,
				9A1F4EA32AD7CE620060D4C1 /* ContentView.swift in Sources */,
				9AA204D12AD7E7D0002E7BE0 /* Ex11BasketBallView.swift in Sources */,
				9A849B772AF218F7001A5FD9 /* ListEx05View.swift in Sources */,
				9A23CE332AEF814A0038AA83 /* UIEx04View.swift in Sources */,
				9A23CE372AEF94D40038AA83 /* AlignmentZStackView.swift in Sources */,
				9A849B7B2AF22928001A5FD9 /* NavStack02View.swift in Sources */,
				9A23CE432AEFE8250038AA83 /* AppStorageView.swift in Sources */,
				9AEFC7932AF245280062489E /* NavStack04View.swift in Sources */,
				9A23CE3F2AEFE7F00038AA83 /* SceneAppStorageNavView.swift in Sources */,
				9A51F96D2AE11C06007FCEB0 /* ConcurrencyEx01View.swift in Sources */,
				9A52B40D2ADD047800B13676 /* UIEx02View.swift in Sources */,
				9A23CE392AEFA32E0038AA83 /* StackAlignEx01View.swift in Sources */,
				9A1F4EAF2AD7CEBD0060D4C1 /* Ex09OddEvenView.swift in Sources */,
				9A921E242AD93716009E287B /* Ch23View.swift in Sources */,
				9A51F96F2AE12030007FCEB0 /* ConcurrencyEx02View.swift in Sources */,
				9A921E262ADCD71F009E287B /* UIEx01View.swift in Sources */,
				9A849B752AF213AF001A5FD9 /* ListEx04View.swift in Sources */,
				9A23CE352AEF8FB60038AA83 /* UIEx05View.swift in Sources */,
				9A849B732AF1ED50001A5FD9 /* ListEx03View.swift in Sources */,
				9A1F4EA12AD7CE620060D4C1 /* CollectionExamplesApp.swift in Sources */,
				9A23CE412AEFE81C0038AA83 /* SceneStorageView.swift in Sources */,
				9A849B712AF1EA6E001A5FD9 /* ListEx02View.swift in Sources */,
			);
			runOnlyForDeploymentPostprocessing = 0;
		};
/* End PBXSourcesBuildPhase section */

/* Begin XCBuildConfiguration section */
		9A1F4EA92AD7CE640060D4C1 /* Debug */ = {
			isa = XCBuildConfiguration;
			buildSettings = {
				ALWAYS_SEARCH_USER_PATHS = NO;
				ASSETCATALOG_COMPILER_GENERATE_SWIFT_ASSET_SYMBOL_EXTENSIONS = YES;
				CLANG_ANALYZER_NONNULL = YES;
				CLANG_ANALYZER_NUMBER_OBJECT_CONVERSION = YES_AGGRESSIVE;
				CLANG_CXX_LANGUAGE_STANDARD = "gnu++20";
				CLANG_ENABLE_MODULES = YES;
				CLANG_ENABLE_OBJC_ARC = YES;
				CLANG_ENABLE_OBJC_WEAK = YES;
				CLANG_WARN_BLOCK_CAPTURE_AUTORELEASING = YES;
				CLANG_WARN_BOOL_CONVERSION = YES;
				CLANG_WARN_COMMA = YES;
				CLANG_WARN_CONSTANT_CONVERSION = YES;
				CLANG_WARN_DEPRECATED_OBJC_IMPLEMENTATIONS = YES;
				CLANG_WARN_DIRECT_OBJC_ISA_USAGE = YES_ERROR;
				CLANG_WARN_DOCUMENTATION_COMMENTS = YES;
				CLANG_WARN_EMPTY_BODY = YES;
				CLANG_WARN_ENUM_CONVERSION = YES;
				CLANG_WARN_INFINITE_RECURSION = YES;
				CLANG_WARN_INT_CONVERSION = YES;
				CLANG_WARN_NON_LITERAL_NULL_CONVERSION = YES;
				CLANG_WARN_OBJC_IMPLICIT_RETAIN_SELF = YES;
				CLANG_WARN_OBJC_LITERAL_CONVERSION = YES;
				CLANG_WARN_OBJC_ROOT_CLASS = YES_ERROR;
				CLANG_WARN_QUOTED_INCLUDE_IN_FRAMEWORK_HEADER = YES;
				CLANG_WARN_RANGE_LOOP_ANALYSIS = YES;
				CLANG_WARN_STRICT_PROTOTYPES = YES;
				CLANG_WARN_SUSPICIOUS_MOVE = YES;
				CLANG_WARN_UNGUARDED_AVAILABILITY = YES_AGGRESSIVE;
				CLANG_WARN_UNREACHABLE_CODE = YES;
				CLANG_WARN__DUPLICATE_METHOD_MATCH = YES;
				COPY_PHASE_STRIP = NO;
				DEBUG_INFORMATION_FORMAT = dwarf;
				ENABLE_STRICT_OBJC_MSGSEND = YES;
				ENABLE_TESTABILITY = YES;
				ENABLE_USER_SCRIPT_SANDBOXING = YES;
				GCC_C_LANGUAGE_STANDARD = gnu17;
				GCC_DYNAMIC_NO_PIC = NO;
				GCC_NO_COMMON_BLOCKS = YES;
				GCC_OPTIMIZATION_LEVEL = 0;
				GCC_PREPROCESSOR_DEFINITIONS = (
					"DEBUG=1",
					"$(inherited)",
				);
				GCC_WARN_64_TO_32_BIT_CONVERSION = YES;
				GCC_WARN_ABOUT_RETURN_TYPE = YES_ERROR;
				GCC_WARN_UNDECLARED_SELECTOR = YES;
				GCC_WARN_UNINITIALIZED_AUTOS = YES_AGGRESSIVE;
				GCC_WARN_UNUSED_FUNCTION = YES;
				GCC_WARN_UNUSED_VARIABLE = YES;
				IPHONEOS_DEPLOYMENT_TARGET = 17.0;
				LOCALIZATION_PREFERS_STRING_CATALOGS = YES;
				MTL_ENABLE_DEBUG_INFO = INCLUDE_SOURCE;
				MTL_FAST_MATH = YES;
				ONLY_ACTIVE_ARCH = YES;
				SDKROOT = iphoneos;
				SWIFT_ACTIVE_COMPILATION_CONDITIONS = "DEBUG $(inherited)";
				SWIFT_OPTIMIZATION_LEVEL = "-Onone";
			};
			name = Debug;
		};
		9A1F4EAA2AD7CE640060D4C1 /* Release */ = {
			isa = XCBuildConfiguration;
			buildSettings = {
				ALWAYS_SEARCH_USER_PATHS = NO;
				ASSETCATALOG_COMPILER_GENERATE_SWIFT_ASSET_SYMBOL_EXTENSIONS = YES;
				CLANG_ANALYZER_NONNULL = YES;
				CLANG_ANALYZER_NUMBER_OBJECT_CONVERSION = YES_AGGRESSIVE;
				CLANG_CXX_LANGUAGE_STANDARD = "gnu++20";
				CLANG_ENABLE_MODULES = YES;
				CLANG_ENABLE_OBJC_ARC = YES;
				CLANG_ENABLE_OBJC_WEAK = YES;
				CLANG_WARN_BLOCK_CAPTURE_AUTORELEASING = YES;
				CLANG_WARN_BOOL_CONVERSION = YES;
				CLANG_WARN_COMMA = YES;
				CLANG_WARN_CONSTANT_CONVERSION = YES;
				CLANG_WARN_DEPRECATED_OBJC_IMPLEMENTATIONS = YES;
				CLANG_WARN_DIRECT_OBJC_ISA_USAGE = YES_ERROR;
				CLANG_WARN_DOCUMENTATION_COMMENTS = YES;
				CLANG_WARN_EMPTY_BODY = YES;
				CLANG_WARN_ENUM_CONVERSION = YES;
				CLANG_WARN_INFINITE_RECURSION = YES;
				CLANG_WARN_INT_CONVERSION = YES;
				CLANG_WARN_NON_LITERAL_NULL_CONVERSION = YES;
				CLANG_WARN_OBJC_IMPLICIT_RETAIN_SELF = YES;
				CLANG_WARN_OBJC_LITERAL_CONVERSION = YES;
				CLANG_WARN_OBJC_ROOT_CLASS = YES_ERROR;
				CLANG_WARN_QUOTED_INCLUDE_IN_FRAMEWORK_HEADER = YES;
				CLANG_WARN_RANGE_LOOP_ANALYSIS = YES;
				CLANG_WARN_STRICT_PROTOTYPES = YES;
				CLANG_WARN_SUSPICIOUS_MOVE = YES;
				CLANG_WARN_UNGUARDED_AVAILABILITY = YES_AGGRESSIVE;
				CLANG_WARN_UNREACHABLE_CODE = YES;
				CLANG_WARN__DUPLICATE_METHOD_MATCH = YES;
				COPY_PHASE_STRIP = NO;
				DEBUG_INFORMATION_FORMAT = "dwarf-with-dsym";
				ENABLE_NS_ASSERTIONS = NO;
				ENABLE_STRICT_OBJC_MSGSEND = YES;
				ENABLE_USER_SCRIPT_SANDBOXING = YES;
				GCC_C_LANGUAGE_STANDARD = gnu17;
				GCC_NO_COMMON_BLOCKS = YES;
				GCC_WARN_64_TO_32_BIT_CONVERSION = YES;
				GCC_WARN_ABOUT_RETURN_TYPE = YES_ERROR;
				GCC_WARN_UNDECLARED_SELECTOR = YES;
				GCC_WARN_UNINITIALIZED_AUTOS = YES_AGGRESSIVE;
				GCC_WARN_UNUSED_FUNCTION = YES;
				GCC_WARN_UNUSED_VARIABLE = YES;
				IPHONEOS_DEPLOYMENT_TARGET = 17.0;
				LOCALIZATION_PREFERS_STRING_CATALOGS = YES;
				MTL_ENABLE_DEBUG_INFO = NO;
				MTL_FAST_MATH = YES;
				SDKROOT = iphoneos;
				SWIFT_COMPILATION_MODE = wholemodule;
				VALIDATE_PRODUCT = YES;
			};
			name = Release;
		};
		9A1F4EAC2AD7CE640060D4C1 /* Debug */ = {
			isa = XCBuildConfiguration;
			buildSettings = {
				ASSETCATALOG_COMPILER_APPICON_NAME = AppIcon;
				ASSETCATALOG_COMPILER_GLOBAL_ACCENT_COLOR_NAME = AccentColor;
				CODE_SIGN_STYLE = Automatic;
				CURRENT_PROJECT_VERSION = 1;
				DEVELOPMENT_ASSET_PATHS = "\"CollectionExamples/Preview Content\"";
				DEVELOPMENT_TEAM = 2252348JAM;
				ENABLE_PREVIEWS = YES;
				GENERATE_INFOPLIST_FILE = YES;
				INFOPLIST_KEY_UIApplicationSceneManifest_Generation = YES;
				INFOPLIST_KEY_UIApplicationSupportsIndirectInputEvents = YES;
				INFOPLIST_KEY_UILaunchScreen_Generation = YES;
				INFOPLIST_KEY_UISupportedInterfaceOrientations_iPad = "UIInterfaceOrientationPortrait UIInterfaceOrientationPortraitUpsideDown UIInterfaceOrientationLandscapeLeft UIInterfaceOrientationLandscapeRight";
				INFOPLIST_KEY_UISupportedInterfaceOrientations_iPhone = "UIInterfaceOrientationPortrait UIInterfaceOrientationLandscapeLeft UIInterfaceOrientationLandscapeRight";
				LD_RUNPATH_SEARCH_PATHS = (
					"$(inherited)",
					"@executable_path/Frameworks",
				);
				MARKETING_VERSION = 1.0;
				PRODUCT_BUNDLE_IDENTIFIER = com.jake5113.CollectionExamples;
				PRODUCT_NAME = "$(TARGET_NAME)";
				SWIFT_EMIT_LOC_STRINGS = YES;
				SWIFT_VERSION = 5.0;
				TARGETED_DEVICE_FAMILY = "1,2";
			};
			name = Debug;
		};
		9A1F4EAD2AD7CE640060D4C1 /* Release */ = {
			isa = XCBuildConfiguration;
			buildSettings = {
				ASSETCATALOG_COMPILER_APPICON_NAME = AppIcon;
				ASSETCATALOG_COMPILER_GLOBAL_ACCENT_COLOR_NAME = AccentColor;
				CODE_SIGN_STYLE = Automatic;
				CURRENT_PROJECT_VERSION = 1;
				DEVELOPMENT_ASSET_PATHS = "\"CollectionExamples/Preview Content\"";
				DEVELOPMENT_TEAM = 2252348JAM;
				ENABLE_PREVIEWS = YES;
				GENERATE_INFOPLIST_FILE = YES;
				INFOPLIST_KEY_UIApplicationSceneManifest_Generation = YES;
				INFOPLIST_KEY_UIApplicationSupportsIndirectInputEvents = YES;
				INFOPLIST_KEY_UILaunchScreen_Generation = YES;
				INFOPLIST_KEY_UISupportedInterfaceOrientations_iPad = "UIInterfaceOrientationPortrait UIInterfaceOrientationPortraitUpsideDown UIInterfaceOrientationLandscapeLeft UIInterfaceOrientationLandscapeRight";
				INFOPLIST_KEY_UISupportedInterfaceOrientations_iPhone = "UIInterfaceOrientationPortrait UIInterfaceOrientationLandscapeLeft UIInterfaceOrientationLandscapeRight";
				LD_RUNPATH_SEARCH_PATHS = (
					"$(inherited)",
					"@executable_path/Frameworks",
				);
				MARKETING_VERSION = 1.0;
				PRODUCT_BUNDLE_IDENTIFIER = com.jake5113.CollectionExamples;
				PRODUCT_NAME = "$(TARGET_NAME)";
				SWIFT_EMIT_LOC_STRINGS = YES;
				SWIFT_VERSION = 5.0;
				TARGETED_DEVICE_FAMILY = "1,2";
			};
			name = Release;
		};
/* End XCBuildConfiguration section */

/* Begin XCConfigurationList section */
		9A1F4E982AD7CE620060D4C1 /* Build configuration list for PBXProject "CollectionExamples" */ = {
			isa = XCConfigurationList;
			buildConfigurations = (
				9A1F4EA92AD7CE640060D4C1 /* Debug */,
				9A1F4EAA2AD7CE640060D4C1 /* Release */,
			);
			defaultConfigurationIsVisible = 0;
			defaultConfigurationName = Release;
		};
		9A1F4EAB2AD7CE640060D4C1 /* Build configuration list for PBXNativeTarget "CollectionExamples" */ = {
			isa = XCConfigurationList;
			buildConfigurations = (
				9A1F4EAC2AD7CE640060D4C1 /* Debug */,
				9A1F4EAD2AD7CE640060D4C1 /* Release */,
			);
			defaultConfigurationIsVisible = 0;
			defaultConfigurationName = Release;
		};
/* End XCConfigurationList section */
	};
	rootObject = 9A1F4E952AD7CE620060D4C1 /* Project object */;
}
