// !$*UTF8*$!
{
	archiveVersion = 1;
	classes = {
	};
	objectVersion = 56;
	objects = {

/* Begin PBXBuildFile section */
		9A110EEC2B19A8E400CF2331 /* PapagoApiApp.swift in Sources */ = {isa = PBXBuildFile; fileRef = 9A110EEB2B19A8E400CF2331 /* PapagoApiApp.swift */; };
		9A110EEE2B19A8E400CF2331 /* ContentView.swift in Sources */ = {isa = PBXBuildFile; fileRef = 9A110EED2B19A8E400CF2331 /* ContentView.swift */; };
		9A110EF02B19A8E500CF2331 /* Assets.xcassets in Resources */ = {isa = PBXBuildFile; fileRef = 9A110EEF2B19A8E500CF2331 /* Assets.xcassets */; };
		9A110EF32B19A8E500CF2331 /* Preview Assets.xcassets in Resources */ = {isa = PBXBuildFile; fileRef = 9A110EF22B19A8E500CF2331 /* Preview Assets.xcassets */; };
		9A110EFA2B19AAB100CF2331 /* ApiKeys.plist in Resources */ = {isa = PBXBuildFile; fileRef = 9A110EF92B19AAB100CF2331 /* ApiKeys.plist */; };
		9A110EFC2B19AB8200CF2331 /* PapagoAPI.swift in Sources */ = {isa = PBXBuildFile; fileRef = 9A110EFB2B19AB8200CF2331 /* PapagoAPI.swift */; };
		9A110EFE2B19AE9700CF2331 /* ApiKeys.swift in Sources */ = {isa = PBXBuildFile; fileRef = 9A110EFD2B19AE9700CF2331 /* ApiKeys.swift */; };
/* End PBXBuildFile section */

/* Begin PBXFileReference section */
		9A110EE82B19A8E400CF2331 /* PapagoApi.app */ = {isa = PBXFileReference; explicitFileType = wrapper.application; includeInIndex = 0; path = PapagoApi.app; sourceTree = BUILT_PRODUCTS_DIR; };
		9A110EEB2B19A8E400CF2331 /* PapagoApiApp.swift */ = {isa = PBXFileReference; lastKnownFileType = sourcecode.swift; path = PapagoApiApp.swift; sourceTree = "<group>"; };
		9A110EED2B19A8E400CF2331 /* ContentView.swift */ = {isa = PBXFileReference; lastKnownFileType = sourcecode.swift; path = ContentView.swift; sourceTree = "<group>"; };
		9A110EEF2B19A8E500CF2331 /* Assets.xcassets */ = {isa = PBXFileReference; lastKnownFileType = folder.assetcatalog; path = Assets.xcassets; sourceTree = "<group>"; };
		9A110EF22B19A8E500CF2331 /* Preview Assets.xcassets */ = {isa = PBXFileReference; lastKnownFileType = folder.assetcatalog; path = "Preview Assets.xcassets"; sourceTree = "<group>"; };
		9A110EF92B19AAB100CF2331 /* ApiKeys.plist */ = {isa = PBXFileReference; lastKnownFileType = text.plist.xml; path = ApiKeys.plist; sourceTree = "<group>"; };
		9A110EFB2B19AB8200CF2331 /* PapagoAPI.swift */ = {isa = PBXFileReference; lastKnownFileType = sourcecode.swift; path = PapagoAPI.swift; sourceTree = "<group>"; };
		9A110EFD2B19AE9700CF2331 /* ApiKeys.swift */ = {isa = PBXFileReference; lastKnownFileType = sourcecode.swift; path = ApiKeys.swift; sourceTree = "<group>"; };
		9AF318592B1D628D00CF742C /* Info.plist */ = {isa = PBXFileReference; lastKnownFileType = text.plist; path = Info.plist; sourceTree = "<group>"; };
/* End PBXFileReference section */

/* Begin PBXFrameworksBuildPhase section */
		9A110EE52B19A8E400CF2331 /* Frameworks */ = {
			isa = PBXFrameworksBuildPhase;
			buildActionMask = 2147483647;
			files = (
			);
			runOnlyForDeploymentPostprocessing = 0;
		};
/* End PBXFrameworksBuildPhase section */

/* Begin PBXGroup section */
		9A110EDF2B19A8E400CF2331 = {
			isa = PBXGroup;
			children = (
				9A110EEA2B19A8E400CF2331 /* PapagoApi */,
				9A110EE92B19A8E400CF2331 /* Products */,
			);
			sourceTree = "<group>";
		};
		9A110EE92B19A8E400CF2331 /* Products */ = {
			isa = PBXGroup;
			children = (
				9A110EE82B19A8E400CF2331 /* PapagoApi.app */,
			);
			name = Products;
			sourceTree = "<group>";
		};
		9A110EEA2B19A8E400CF2331 /* PapagoApi */ = {
			isa = PBXGroup;
			children = (
				9AF318592B1D628D00CF742C /* Info.plist */,
				9A110EEB2B19A8E400CF2331 /* PapagoApiApp.swift */,
				9A110EED2B19A8E400CF2331 /* ContentView.swift */,
				9A110EFB2B19AB8200CF2331 /* PapagoAPI.swift */,
				9A110EFD2B19AE9700CF2331 /* ApiKeys.swift */,
				9A110EEF2B19A8E500CF2331 /* Assets.xcassets */,
				9A110EF92B19AAB100CF2331 /* ApiKeys.plist */,
				9A110EF12B19A8E500CF2331 /* Preview Content */,
			);
			path = PapagoApi;
			sourceTree = "<group>";
		};
		9A110EF12B19A8E500CF2331 /* Preview Content */ = {
			isa = PBXGroup;
			children = (
				9A110EF22B19A8E500CF2331 /* Preview Assets.xcassets */,
			);
			path = "Preview Content";
			sourceTree = "<group>";
		};
/* End PBXGroup section */

/* Begin PBXNativeTarget section */
		9A110EE72B19A8E400CF2331 /* PapagoApi */ = {
			isa = PBXNativeTarget;
			buildConfigurationList = 9A110EF62B19A8E500CF2331 /* Build configuration list for PBXNativeTarget "PapagoApi" */;
			buildPhases = (
				9A110EE42B19A8E400CF2331 /* Sources */,
				9A110EE52B19A8E400CF2331 /* Frameworks */,
				9A110EE62B19A8E400CF2331 /* Resources */,
			);
			buildRules = (
			);
			dependencies = (
			);
			name = PapagoApi;
			productName = PapagoApi;
			productReference = 9A110EE82B19A8E400CF2331 /* PapagoApi.app */;
			productType = "com.apple.product-type.application";
		};
/* End PBXNativeTarget section */

/* Begin PBXProject section */
		9A110EE02B19A8E400CF2331 /* Project object */ = {
			isa = PBXProject;
			attributes = {
				BuildIndependentTargetsInParallel = 1;
				LastSwiftUpdateCheck = 1500;
				LastUpgradeCheck = 1500;
				TargetAttributes = {
					9A110EE72B19A8E400CF2331 = {
						CreatedOnToolsVersion = 15.0.1;
					};
				};
			};
			buildConfigurationList = 9A110EE32B19A8E400CF2331 /* Build configuration list for PBXProject "PapagoApi" */;
			compatibilityVersion = "Xcode 14.0";
			developmentRegion = en;
			hasScannedForEncodings = 0;
			knownRegions = (
				en,
				Base,
			);
			mainGroup = 9A110EDF2B19A8E400CF2331;
			productRefGroup = 9A110EE92B19A8E400CF2331 /* Products */;
			projectDirPath = "";
			projectRoot = "";
			targets = (
				9A110EE72B19A8E400CF2331 /* PapagoApi */,
			);
		};
/* End PBXProject section */

/* Begin PBXResourcesBuildPhase section */
		9A110EE62B19A8E400CF2331 /* Resources */ = {
			isa = PBXResourcesBuildPhase;
			buildActionMask = 2147483647;
			files = (
				9A110EF32B19A8E500CF2331 /* Preview Assets.xcassets in Resources */,
				9A110EF02B19A8E500CF2331 /* Assets.xcassets in Resources */,
				9A110EFA2B19AAB100CF2331 /* ApiKeys.plist in Resources */,
			);
			runOnlyForDeploymentPostprocessing = 0;
		};
/* End PBXResourcesBuildPhase section */

/* Begin PBXSourcesBuildPhase section */
		9A110EE42B19A8E400CF2331 /* Sources */ = {
			isa = PBXSourcesBuildPhase;
			buildActionMask = 2147483647;
			files = (
				9A110EEE2B19A8E400CF2331 /* ContentView.swift in Sources */,
				9A110EFE2B19AE9700CF2331 /* ApiKeys.swift in Sources */,
				9A110EFC2B19AB8200CF2331 /* PapagoAPI.swift in Sources */,
				9A110EEC2B19A8E400CF2331 /* PapagoApiApp.swift in Sources */,
			);
			runOnlyForDeploymentPostprocessing = 0;
		};
/* End PBXSourcesBuildPhase section */

/* Begin XCBuildConfiguration section */
		9A110EF42B19A8E500CF2331 /* Debug */ = {
			isa = XCBuildConfiguration;
			buildSettings = {
				ALWAYS_SEARCH_USER_PATHS = NO;
				ASSETCATALOG_COMPILER_GENERATE_SWIFT_ASSET_SYMBOL_EXTENSIONS = YES;
				CLANG_ANALYZER_NONNULL = YES;
				CLANG_ANALYZER_NUMBER_OBJECT_CONVERSION = YES_AGGRESSIVE;
				CLANG_CXX_LANGUAGE_STANDARD = "gnu++20";
				CLANG_ENABLE_MODULES = YES;
				CLANG_ENABLE_OBJC_ARC = YES;
				CLANG_ENABLE_OBJC_WEAK = YES;
				CLANG_WARN_BLOCK_CAPTURE_AUTORELEASING = YES;
				CLANG_WARN_BOOL_CONVERSION = YES;
				CLANG_WARN_COMMA = YES;
				CLANG_WARN_CONSTANT_CONVERSION = YES;
				CLANG_WARN_DEPRECATED_OBJC_IMPLEMENTATIONS = YES;
				CLANG_WARN_DIRECT_OBJC_ISA_USAGE = YES_ERROR;
				CLANG_WARN_DOCUMENTATION_COMMENTS = YES;
				CLANG_WARN_EMPTY_BODY = YES;
				CLANG_WARN_ENUM_CONVERSION = YES;
				CLANG_WARN_INFINITE_RECURSION = YES;
				CLANG_WARN_INT_CONVERSION = YES;
				CLANG_WARN_NON_LITERAL_NULL_CONVERSION = YES;
				CLANG_WARN_OBJC_IMPLICIT_RETAIN_SELF = YES;
				CLANG_WARN_OBJC_LITERAL_CONVERSION = YES;
				CLANG_WARN_OBJC_ROOT_CLASS = YES_ERROR;
				CLANG_WARN_QUOTED_INCLUDE_IN_FRAMEWORK_HEADER = YES;
				CLANG_WARN_RANGE_LOOP_ANALYSIS = YES;
				CLANG_WARN_STRICT_PROTOTYPES = YES;
				CLANG_WARN_SUSPICIOUS_MOVE = YES;
				CLANG_WARN_UNGUARDED_AVAILABILITY = YES_AGGRESSIVE;
				CLANG_WARN_UNREACHABLE_CODE = YES;
				CLANG_WARN__DUPLICATE_METHOD_MATCH = YES;
				COPY_PHASE_STRIP = NO;
				DEBUG_INFORMATION_FORMAT = dwarf;
				ENABLE_STRICT_OBJC_MSGSEND = YES;
				ENABLE_TESTABILITY = YES;
				ENABLE_USER_SCRIPT_SANDBOXING = YES;
				GCC_C_LANGUAGE_STANDARD = gnu17;
				GCC_DYNAMIC_NO_PIC = NO;
				GCC_NO_COMMON_BLOCKS = YES;
				GCC_OPTIMIZATION_LEVEL = 0;
				GCC_PREPROCESSOR_DEFINITIONS = (
					"DEBUG=1",
					"$(inherited)",
				);
				GCC_WARN_64_TO_32_BIT_CONVERSION = YES;
				GCC_WARN_ABOUT_RETURN_TYPE = YES_ERROR;
				GCC_WARN_UNDECLARED_SELECTOR = YES;
				GCC_WARN_UNINITIALIZED_AUTOS = YES_AGGRESSIVE;
				GCC_WARN_UNUSED_FUNCTION = YES;
				GCC_WARN_UNUSED_VARIABLE = YES;
				IPHONEOS_DEPLOYMENT_TARGET = 17.0;
				LOCALIZATION_PREFERS_STRING_CATALOGS = YES;
				MTL_ENABLE_DEBUG_INFO = INCLUDE_SOURCE;
				MTL_FAST_MATH = YES;
				ONLY_ACTIVE_ARCH = YES;
				SDKROOT = iphoneos;
				SWIFT_ACTIVE_COMPILATION_CONDITIONS = "DEBUG $(inherited)";
				SWIFT_OPTIMIZATION_LEVEL = "-Onone";
			};
			name = Debug;
		};
		9A110EF52B19A8E500CF2331 /* Release */ = {
			isa = XCBuildConfiguration;
			buildSettings = {
				ALWAYS_SEARCH_USER_PATHS = NO;
				ASSETCATALOG_COMPILER_GENERATE_SWIFT_ASSET_SYMBOL_EXTENSIONS = YES;
				CLANG_ANALYZER_NONNULL = YES;
				CLANG_ANALYZER_NUMBER_OBJECT_CONVERSION = YES_AGGRESSIVE;
				CLANG_CXX_LANGUAGE_STANDARD = "gnu++20";
				CLANG_ENABLE_MODULES = YES;
				CLANG_ENABLE_OBJC_ARC = YES;
				CLANG_ENABLE_OBJC_WEAK = YES;
				CLANG_WARN_BLOCK_CAPTURE_AUTORELEASING = YES;
				CLANG_WARN_BOOL_CONVERSION = YES;
				CLANG_WARN_COMMA = YES;
				CLANG_WARN_CONSTANT_CONVERSION = YES;
				CLANG_WARN_DEPRECATED_OBJC_IMPLEMENTATIONS = YES;
				CLANG_WARN_DIRECT_OBJC_ISA_USAGE = YES_ERROR;
				CLANG_WARN_DOCUMENTATION_COMMENTS = YES;
				CLANG_WARN_EMPTY_BODY = YES;
				CLANG_WARN_ENUM_CONVERSION = YES;
				CLANG_WARN_INFINITE_RECURSION = YES;
				CLANG_WARN_INT_CONVERSION = YES;
				CLANG_WARN_NON_LITERAL_NULL_CONVERSION = YES;
				CLANG_WARN_OBJC_IMPLICIT_RETAIN_SELF = YES;
				CLANG_WARN_OBJC_LITERAL_CONVERSION = YES;
				CLANG_WARN_OBJC_ROOT_CLASS = YES_ERROR;
				CLANG_WARN_QUOTED_INCLUDE_IN_FRAMEWORK_HEADER = YES;
				CLANG_WARN_RANGE_LOOP_ANALYSIS = YES;
				CLANG_WARN_STRICT_PROTOTYPES = YES;
				CLANG_WARN_SUSPICIOUS_MOVE = YES;
				CLANG_WARN_UNGUARDED_AVAILABILITY = YES_AGGRESSIVE;
				CLANG_WARN_UNREACHABLE_CODE = YES;
				CLANG_WARN__DUPLICATE_METHOD_MATCH = YES;
				COPY_PHASE_STRIP = NO;
				DEBUG_INFORMATION_FORMAT = "dwarf-with-dsym";
				ENABLE_NS_ASSERTIONS = NO;
				ENABLE_STRICT_OBJC_MSGSEND = YES;
				ENABLE_USER_SCRIPT_SANDBOXING = YES;
				GCC_C_LANGUAGE_STANDARD = gnu17;
				GCC_NO_COMMON_BLOCKS = YES;
				GCC_WARN_64_TO_32_BIT_CONVERSION = YES;
				GCC_WARN_ABOUT_RETURN_TYPE = YES_ERROR;
				GCC_WARN_UNDECLARED_SELECTOR = YES;
				GCC_WARN_UNINITIALIZED_AUTOS = YES_AGGRESSIVE;
				GCC_WARN_UNUSED_FUNCTION = YES;
				GCC_WARN_UNUSED_VARIABLE = YES;
				IPHONEOS_DEPLOYMENT_TARGET = 17.0;
				LOCALIZATION_PREFERS_STRING_CATALOGS = YES;
				MTL_ENABLE_DEBUG_INFO = NO;
				MTL_FAST_MATH = YES;
				SDKROOT = iphoneos;
				SWIFT_COMPILATION_MODE = wholemodule;
				VALIDATE_PRODUCT = YES;
			};
			name = Release;
		};
		9A110EF72B19A8E500CF2331 /* Debug */ = {
			isa = XCBuildConfiguration;
			buildSettings = {
				ASSETCATALOG_COMPILER_APPICON_NAME = AppIcon;
				ASSETCATALOG_COMPILER_GLOBAL_ACCENT_COLOR_NAME = AccentColor;
				CODE_SIGN_STYLE = Automatic;
				CURRENT_PROJECT_VERSION = 1;
				DEVELOPMENT_ASSET_PATHS = "\"PapagoApi/Preview Content\"";
				DEVELOPMENT_TEAM = 2252348JAM;
				ENABLE_PREVIEWS = YES;
				GENERATE_INFOPLIST_FILE = YES;
				INFOPLIST_FILE = PapagoApi/Info.plist;
				INFOPLIST_KEY_UIApplicationSceneManifest_Generation = YES;
				INFOPLIST_KEY_UIApplicationSupportsIndirectInputEvents = YES;
				INFOPLIST_KEY_UILaunchScreen_Generation = YES;
				INFOPLIST_KEY_UISupportedInterfaceOrientations_iPad = "UIInterfaceOrientationPortrait UIInterfaceOrientationPortraitUpsideDown UIInterfaceOrientationLandscapeLeft UIInterfaceOrientationLandscapeRight";
				INFOPLIST_KEY_UISupportedInterfaceOrientations_iPhone = "UIInterfaceOrientationPortrait UIInterfaceOrientationLandscapeLeft UIInterfaceOrientationLandscapeRight";
				LD_RUNPATH_SEARCH_PATHS = (
					"$(inherited)",
					"@executable_path/Frameworks",
				);
				MARKETING_VERSION = 1.0;
				PRODUCT_BUNDLE_IDENTIFIER = com.jake5113.PapagoApi;
				PRODUCT_NAME = "$(TARGET_NAME)";
				SWIFT_EMIT_LOC_STRINGS = YES;
				SWIFT_VERSION = 5.0;
				TARGETED_DEVICE_FAMILY = "1,2";
			};
			name = Debug;
		};
		9A110EF82B19A8E500CF2331 /* Release */ = {
			isa = XCBuildConfiguration;
			buildSettings = {
				ASSETCATALOG_COMPILER_APPICON_NAME = AppIcon;
				ASSETCATALOG_COMPILER_GLOBAL_ACCENT_COLOR_NAME = AccentColor;
				CODE_SIGN_STYLE = Automatic;
				CURRENT_PROJECT_VERSION = 1;
				DEVELOPMENT_ASSET_PATHS = "\"PapagoApi/Preview Content\"";
				DEVELOPMENT_TEAM = 2252348JAM;
				ENABLE_PREVIEWS = YES;
				GENERATE_INFOPLIST_FILE = YES;
				INFOPLIST_FILE = PapagoApi/Info.plist;
				INFOPLIST_KEY_UIApplicationSceneManifest_Generation = YES;
				INFOPLIST_KEY_UIApplicationSupportsIndirectInputEvents = YES;
				INFOPLIST_KEY_UILaunchScreen_Generation = YES;
				INFOPLIST_KEY_UISupportedInterfaceOrientations_iPad = "UIInterfaceOrientationPortrait UIInterfaceOrientationPortraitUpsideDown UIInterfaceOrientationLandscapeLeft UIInterfaceOrientationLandscapeRight";
				INFOPLIST_KEY_UISupportedInterfaceOrientations_iPhone = "UIInterfaceOrientationPortrait UIInterfaceOrientationLandscapeLeft UIInterfaceOrientationLandscapeRight";
				LD_RUNPATH_SEARCH_PATHS = (
					"$(inherited)",
					"@executable_path/Frameworks",
				);
				MARKETING_VERSION = 1.0;
				PRODUCT_BUNDLE_IDENTIFIER = com.jake5113.PapagoApi;
				PRODUCT_NAME = "$(TARGET_NAME)";
				SWIFT_EMIT_LOC_STRINGS = YES;
				SWIFT_VERSION = 5.0;
				TARGETED_DEVICE_FAMILY = "1,2";
			};
			name = Release;
		};
/* End XCBuildConfiguration section */

/* Begin XCConfigurationList section */
		9A110EE32B19A8E400CF2331 /* Build configuration list for PBXProject "PapagoApi" */ = {
			isa = XCConfigurationList;
			buildConfigurations = (
				9A110EF42B19A8E500CF2331 /* Debug */,
				9A110EF52B19A8E500CF2331 /* Release */,
			);
			defaultConfigurationIsVisible = 0;
			defaultConfigurationName = Release;
		};
		9A110EF62B19A8E500CF2331 /* Build configuration list for PBXNativeTarget "PapagoApi" */ = {
			isa = XCConfigurationList;
			buildConfigurations = (
				9A110EF72B19A8E500CF2331 /* Debug */,
				9A110EF82B19A8E500CF2331 /* Release */,
			);
			defaultConfigurationIsVisible = 0;
			defaultConfigurationName = Release;
		};
/* End XCConfigurationList section */
	};
	rootObject = 9A110EE02B19A8E400CF2331 /* Project object */;
}
